// !$*UTF8*$!
{
	archiveVersion = 1;
	classes = {
	};
	objectVersion = 46;
	objects = {

/* Begin PBXBuildFile section */
		996B65401A29ED9500A556DC /* UserAddViewController.swift in Sources */ = {isa = PBXBuildFile; fileRef = 996B653F1A29ED9500A556DC /* UserAddViewController.swift */; };
		999C331F1A286F2900AF2F82 /* AppDelegate.swift in Sources */ = {isa = PBXBuildFile; fileRef = 999C331E1A286F2900AF2F82 /* AppDelegate.swift */; };
		999C33261A286F2900AF2F82 /* Images.xcassets in Resources */ = {isa = PBXBuildFile; fileRef = 999C33251A286F2900AF2F82 /* Images.xcassets */; };
		999C33291A286F2900AF2F82 /* LaunchScreen.xib in Resources */ = {isa = PBXBuildFile; fileRef = 999C33271A286F2900AF2F82 /* LaunchScreen.xib */; };
		999C33411A286F9A00AF2F82 /* SearchResultsViewController.swift in Sources */ = {isa = PBXBuildFile; fileRef = 999C33401A286F9A00AF2F82 /* SearchResultsViewController.swift */; };
		999C33451A28714C00AF2F82 /* Blank52.png in Resources */ = {isa = PBXBuildFile; fileRef = 999C33441A28714C00AF2F82 /* Blank52.png */; };
		999C33471A2871C200AF2F82 /* User.swift in Sources */ = {isa = PBXBuildFile; fileRef = 999C33461A2871C200AF2F82 /* User.swift */; };
		999C33491A28923800AF2F82 /* UserDetailsViewController.swift in Sources */ = {isa = PBXBuildFile; fileRef = 999C33481A28923800AF2F82 /* UserDetailsViewController.swift */; };
		999C334B1A28A46600AF2F82 /* Main.storyboard in Resources */ = {isa = PBXBuildFile; fileRef = 999C334A1A28A46600AF2F82 /* Main.storyboard */; };
		999C33621A28BB0A00AF2F82 /* Alamofire.framework in Frameworks */ = {isa = PBXBuildFile; fileRef = 999C335F1A28BADF00AF2F82 /* Alamofire.framework */; };
		999C33631A28BB0A00AF2F82 /* Alamofire.framework in Embed Frameworks */ = {isa = PBXBuildFile; fileRef = 999C335F1A28BADF00AF2F82 /* Alamofire.framework */; settings = {ATTRIBUTES = (CodeSignOnCopy, RemoveHeadersOnCopy, ); }; };
		999C33681A28CB3D00AF2F82 /* APIController.swift in Sources */ = {isa = PBXBuildFile; fileRef = 999C33671A28CB3D00AF2F82 /* APIController.swift */; };
		999C336A1A29394F00AF2F82 /* TestViewController.swift in Sources */ = {isa = PBXBuildFile; fileRef = 999C33691A29394F00AF2F82 /* TestViewController.swift */; };
		99A0D14A1A2B2A7F0074EABD /* InternalViewController.swift in Sources */ = {isa = PBXBuildFile; fileRef = 99A0D1491A2B2A7F0074EABD /* InternalViewController.swift */; };
		99B13DBB1A30752300C2FFCC /* UserDetailsViewController.swift in Sources */ = {isa = PBXBuildFile; fileRef = 999C33481A28923800AF2F82 /* UserDetailsViewController.swift */; };
		99B13DBC1A3075B900C2FFCC /* AppDelegate.swift in Sources */ = {isa = PBXBuildFile; fileRef = 999C331E1A286F2900AF2F82 /* AppDelegate.swift */; };
		99B13DBD1A3075BC00C2FFCC /* APIController.swift in Sources */ = {isa = PBXBuildFile; fileRef = 999C33671A28CB3D00AF2F82 /* APIController.swift */; };
		99B13DBE1A3075C400C2FFCC /* SearchResultsViewController.swift in Sources */ = {isa = PBXBuildFile; fileRef = 999C33401A286F9A00AF2F82 /* SearchResultsViewController.swift */; };
		99B13DBF1A3075C600C2FFCC /* User.swift in Sources */ = {isa = PBXBuildFile; fileRef = 999C33461A2871C200AF2F82 /* User.swift */; };
		99B13DC01A3075C800C2FFCC /* InternalViewController.swift in Sources */ = {isa = PBXBuildFile; fileRef = 99A0D1491A2B2A7F0074EABD /* InternalViewController.swift */; };
		99B13DC11A3075CA00C2FFCC /* InternalUserDetailsController.swift in Sources */ = {isa = PBXBuildFile; fileRef = 99B3DD941A2BC2400011153D /* InternalUserDetailsController.swift */; };
		99B13DC21A3075CC00C2FFCC /* InternalUserEditViewController.swift in Sources */ = {isa = PBXBuildFile; fileRef = 99B3DD971A2CB0030011153D /* InternalUserEditViewController.swift */; };
		99B13DC31A3075CE00C2FFCC /* LoginViewController.swift in Sources */ = {isa = PBXBuildFile; fileRef = 99B3DD9B1A2D25970011153D /* LoginViewController.swift */; };
		99B13DC41A3075D400C2FFCC /* TestViewController.swift in Sources */ = {isa = PBXBuildFile; fileRef = 999C33691A29394F00AF2F82 /* TestViewController.swift */; };
		99B13DC51A3075DC00C2FFCC /* Main.storyboard in Resources */ = {isa = PBXBuildFile; fileRef = 999C334A1A28A46600AF2F82 /* Main.storyboard */; };
		99B13DC61A3075DE00C2FFCC /* UserAddViewController.swift in Sources */ = {isa = PBXBuildFile; fileRef = 996B653F1A29ED9500A556DC /* UserAddViewController.swift */; };
		99B13DC81A30780A00C2FFCC /* TestAPIController.swift in Sources */ = {isa = PBXBuildFile; fileRef = 99B13DC71A30780A00C2FFCC /* TestAPIController.swift */; };
		99B3DD951A2BC2400011153D /* InternalUserDetailsController.swift in Sources */ = {isa = PBXBuildFile; fileRef = 99B3DD941A2BC2400011153D /* InternalUserDetailsController.swift */; };
		99B3DD981A2CB0030011153D /* InternalUserEditViewController.swift in Sources */ = {isa = PBXBuildFile; fileRef = 99B3DD971A2CB0030011153D /* InternalUserEditViewController.swift */; };
		99B3DD9C1A2D25970011153D /* LoginViewController.swift in Sources */ = {isa = PBXBuildFile; fileRef = 99B3DD9B1A2D25970011153D /* LoginViewController.swift */; };
		99B3DD9E1A2D26BB0011153D /* aber_logo.png in Resources */ = {isa = PBXBuildFile; fileRef = 99B3DD9D1A2D26BB0011153D /* aber_logo.png */; };
		99F7E1C21A3330D100C74F45 /* form.template in Resources */ = {isa = PBXBuildFile; fileRef = 99F7E0E91A3330D100C74F45 /* form.template */; };
		99F7E1C31A3330D100C74F45 /* 1.run.zip in Resources */ = {isa = PBXBuildFile; fileRef = 99F7E0ED1A3330D100C74F45 /* 1.run.zip */; };
		99F7E1C41A3330D100C74F45 /* 10.run.zip in Resources */ = {isa = PBXBuildFile; fileRef = 99F7E0EE1A3330D100C74F45 /* 10.run.zip */; };
		99F7E1C51A3330D100C74F45 /* 11.run.zip in Resources */ = {isa = PBXBuildFile; fileRef = 99F7E0EF1A3330D100C74F45 /* 11.run.zip */; };
		99F7E1C61A3330D100C74F45 /* 12.run.zip in Resources */ = {isa = PBXBuildFile; fileRef = 99F7E0F01A3330D100C74F45 /* 12.run.zip */; };
		99F7E1C71A3330D100C74F45 /* 13.run.zip in Resources */ = {isa = PBXBuildFile; fileRef = 99F7E0F11A3330D100C74F45 /* 13.run.zip */; };
		99F7E1C81A3330D100C74F45 /* 14.run.zip in Resources */ = {isa = PBXBuildFile; fileRef = 99F7E0F21A3330D100C74F45 /* 14.run.zip */; };
		99F7E1C91A3330D100C74F45 /* 15.run.zip in Resources */ = {isa = PBXBuildFile; fileRef = 99F7E0F31A3330D100C74F45 /* 15.run.zip */; };
		99F7E1CA1A3330D100C74F45 /* 16.run.zip in Resources */ = {isa = PBXBuildFile; fileRef = 99F7E0F41A3330D100C74F45 /* 16.run.zip */; };
		99F7E1CB1A3330D100C74F45 /* 17.run.zip in Resources */ = {isa = PBXBuildFile; fileRef = 99F7E0F51A3330D100C74F45 /* 17.run.zip */; };
		99F7E1CC1A3330D100C74F45 /* 18.run.zip in Resources */ = {isa = PBXBuildFile; fileRef = 99F7E0F61A3330D100C74F45 /* 18.run.zip */; };
		99F7E1CD1A3330D100C74F45 /* 19.run.zip in Resources */ = {isa = PBXBuildFile; fileRef = 99F7E0F71A3330D100C74F45 /* 19.run.zip */; };
		99F7E1CE1A3330D100C74F45 /* 2.run.zip in Resources */ = {isa = PBXBuildFile; fileRef = 99F7E0F81A3330D100C74F45 /* 2.run.zip */; };
		99F7E1CF1A3330D100C74F45 /* 20.run.zip in Resources */ = {isa = PBXBuildFile; fileRef = 99F7E0F91A3330D100C74F45 /* 20.run.zip */; };
		99F7E1D01A3330D100C74F45 /* 21.run.zip in Resources */ = {isa = PBXBuildFile; fileRef = 99F7E0FA1A3330D100C74F45 /* 21.run.zip */; };
		99F7E1D11A3330D100C74F45 /* 22.run.zip in Resources */ = {isa = PBXBuildFile; fileRef = 99F7E0FB1A3330D100C74F45 /* 22.run.zip */; };
		99F7E1D21A3330D100C74F45 /* 23.run.zip in Resources */ = {isa = PBXBuildFile; fileRef = 99F7E0FC1A3330D100C74F45 /* 23.run.zip */; };
		99F7E1D31A3330D100C74F45 /* 24.run.zip in Resources */ = {isa = PBXBuildFile; fileRef = 99F7E0FD1A3330D100C74F45 /* 24.run.zip */; };
		99F7E1D41A3330D100C74F45 /* 25.run.zip in Resources */ = {isa = PBXBuildFile; fileRef = 99F7E0FE1A3330D100C74F45 /* 25.run.zip */; };
		99F7E1D51A3330D100C74F45 /* 26.run.zip in Resources */ = {isa = PBXBuildFile; fileRef = 99F7E0FF1A3330D100C74F45 /* 26.run.zip */; };
		99F7E1D61A3330D100C74F45 /* 27.run.zip in Resources */ = {isa = PBXBuildFile; fileRef = 99F7E1001A3330D100C74F45 /* 27.run.zip */; };
		99F7E1D71A3330D100C74F45 /* 28.run.zip in Resources */ = {isa = PBXBuildFile; fileRef = 99F7E1011A3330D100C74F45 /* 28.run.zip */; };
		99F7E1D81A3330D100C74F45 /* 29.run.zip in Resources */ = {isa = PBXBuildFile; fileRef = 99F7E1021A3330D100C74F45 /* 29.run.zip */; };
		99F7E1D91A3330D100C74F45 /* 3.run.zip in Resources */ = {isa = PBXBuildFile; fileRef = 99F7E1031A3330D100C74F45 /* 3.run.zip */; };
		99F7E1DA1A3330D100C74F45 /* 30.run.zip in Resources */ = {isa = PBXBuildFile; fileRef = 99F7E1041A3330D100C74F45 /* 30.run.zip */; };
		99F7E1DB1A3330D100C74F45 /* 31.run.zip in Resources */ = {isa = PBXBuildFile; fileRef = 99F7E1051A3330D100C74F45 /* 31.run.zip */; };
		99F7E1DC1A3330D100C74F45 /* 32.run.zip in Resources */ = {isa = PBXBuildFile; fileRef = 99F7E1061A3330D100C74F45 /* 32.run.zip */; };
		99F7E1DD1A3330D100C74F45 /* 33.run.zip in Resources */ = {isa = PBXBuildFile; fileRef = 99F7E1071A3330D100C74F45 /* 33.run.zip */; };
		99F7E1DE1A3330D100C74F45 /* 34.run.zip in Resources */ = {isa = PBXBuildFile; fileRef = 99F7E1081A3330D100C74F45 /* 34.run.zip */; };
		99F7E1DF1A3330D100C74F45 /* 35.run.zip in Resources */ = {isa = PBXBuildFile; fileRef = 99F7E1091A3330D100C74F45 /* 35.run.zip */; };
		99F7E1E01A3330D100C74F45 /* 36.run.zip in Resources */ = {isa = PBXBuildFile; fileRef = 99F7E10A1A3330D100C74F45 /* 36.run.zip */; };
		99F7E1E11A3330D100C74F45 /* 37.run.zip in Resources */ = {isa = PBXBuildFile; fileRef = 99F7E10B1A3330D100C74F45 /* 37.run.zip */; };
		99F7E1E21A3330D100C74F45 /* 38.run.zip in Resources */ = {isa = PBXBuildFile; fileRef = 99F7E10C1A3330D100C74F45 /* 38.run.zip */; };
		99F7E1E31A3330D100C74F45 /* 39.run.zip in Resources */ = {isa = PBXBuildFile; fileRef = 99F7E10D1A3330D100C74F45 /* 39.run.zip */; };
		99F7E1E41A3330D100C74F45 /* 4.run.zip in Resources */ = {isa = PBXBuildFile; fileRef = 99F7E10E1A3330D100C74F45 /* 4.run.zip */; };
		99F7E1E51A3330D100C74F45 /* 40.run.zip in Resources */ = {isa = PBXBuildFile; fileRef = 99F7E10F1A3330D100C74F45 /* 40.run.zip */; };
		99F7E1E61A3330D100C74F45 /* 41.run.zip in Resources */ = {isa = PBXBuildFile; fileRef = 99F7E1101A3330D100C74F45 /* 41.run.zip */; };
		99F7E1E71A3330D100C74F45 /* 42.run.zip in Resources */ = {isa = PBXBuildFile; fileRef = 99F7E1111A3330D100C74F45 /* 42.run.zip */; };
		99F7E1E81A3330D100C74F45 /* 43.run.zip in Resources */ = {isa = PBXBuildFile; fileRef = 99F7E1121A3330D100C74F45 /* 43.run.zip */; };
		99F7E1E91A3330D100C74F45 /* 44.run.zip in Resources */ = {isa = PBXBuildFile; fileRef = 99F7E1131A3330D100C74F45 /* 44.run.zip */; };
		99F7E1EA1A3330D100C74F45 /* 45.run.zip in Resources */ = {isa = PBXBuildFile; fileRef = 99F7E1141A3330D100C74F45 /* 45.run.zip */; };
		99F7E1EB1A3330D100C74F45 /* 46.run.zip in Resources */ = {isa = PBXBuildFile; fileRef = 99F7E1151A3330D100C74F45 /* 46.run.zip */; };
		99F7E1EC1A3330D100C74F45 /* 47.run.zip in Resources */ = {isa = PBXBuildFile; fileRef = 99F7E1161A3330D100C74F45 /* 47.run.zip */; };
		99F7E1ED1A3330D100C74F45 /* 48.run.zip in Resources */ = {isa = PBXBuildFile; fileRef = 99F7E1171A3330D100C74F45 /* 48.run.zip */; };
		99F7E1EE1A3330D100C74F45 /* 49.run.zip in Resources */ = {isa = PBXBuildFile; fileRef = 99F7E1181A3330D100C74F45 /* 49.run.zip */; };
		99F7E1EF1A3330D100C74F45 /* 5.run.zip in Resources */ = {isa = PBXBuildFile; fileRef = 99F7E1191A3330D100C74F45 /* 5.run.zip */; };
		99F7E1F01A3330D100C74F45 /* 50.run.zip in Resources */ = {isa = PBXBuildFile; fileRef = 99F7E11A1A3330D100C74F45 /* 50.run.zip */; };
		99F7E1F11A3330D100C74F45 /* 51.run.zip in Resources */ = {isa = PBXBuildFile; fileRef = 99F7E11B1A3330D100C74F45 /* 51.run.zip */; };
		99F7E1F21A3330D100C74F45 /* 52.run.zip in Resources */ = {isa = PBXBuildFile; fileRef = 99F7E11C1A3330D100C74F45 /* 52.run.zip */; };
		99F7E1F31A3330D100C74F45 /* 53.run.zip in Resources */ = {isa = PBXBuildFile; fileRef = 99F7E11D1A3330D100C74F45 /* 53.run.zip */; };
		99F7E1F41A3330D100C74F45 /* 54.run.zip in Resources */ = {isa = PBXBuildFile; fileRef = 99F7E11E1A3330D100C74F45 /* 54.run.zip */; };
		99F7E1F51A3330D100C74F45 /* 55.run.zip in Resources */ = {isa = PBXBuildFile; fileRef = 99F7E11F1A3330D100C74F45 /* 55.run.zip */; };
		99F7E1F61A3330D100C74F45 /* 56.run.zip in Resources */ = {isa = PBXBuildFile; fileRef = 99F7E1201A3330D100C74F45 /* 56.run.zip */; };
		99F7E1F71A3330D100C74F45 /* 57.run.zip in Resources */ = {isa = PBXBuildFile; fileRef = 99F7E1211A3330D100C74F45 /* 57.run.zip */; };
		99F7E1F81A3330D100C74F45 /* 58.run.zip in Resources */ = {isa = PBXBuildFile; fileRef = 99F7E1221A3330D100C74F45 /* 58.run.zip */; };
		99F7E1F91A3330D100C74F45 /* 59.run.zip in Resources */ = {isa = PBXBuildFile; fileRef = 99F7E1231A3330D100C74F45 /* 59.run.zip */; };
		99F7E1FA1A3330D100C74F45 /* 6.run.zip in Resources */ = {isa = PBXBuildFile; fileRef = 99F7E1241A3330D100C74F45 /* 6.run.zip */; };
		99F7E1FB1A3330D100C74F45 /* 60.run.zip in Resources */ = {isa = PBXBuildFile; fileRef = 99F7E1251A3330D100C74F45 /* 60.run.zip */; };
		99F7E1FC1A3330D100C74F45 /* 61.run.zip in Resources */ = {isa = PBXBuildFile; fileRef = 99F7E1261A3330D100C74F45 /* 61.run.zip */; };
		99F7E1FD1A3330D100C74F45 /* 62.run.zip in Resources */ = {isa = PBXBuildFile; fileRef = 99F7E1271A3330D100C74F45 /* 62.run.zip */; };
		99F7E1FE1A3330D100C74F45 /* 63.run.zip in Resources */ = {isa = PBXBuildFile; fileRef = 99F7E1281A3330D100C74F45 /* 63.run.zip */; };
		99F7E1FF1A3330D100C74F45 /* 64.run.zip in Resources */ = {isa = PBXBuildFile; fileRef = 99F7E1291A3330D100C74F45 /* 64.run.zip */; };
		99F7E2001A3330D100C74F45 /* 65.run.zip in Resources */ = {isa = PBXBuildFile; fileRef = 99F7E12A1A3330D100C74F45 /* 65.run.zip */; };
		99F7E2011A3330D100C74F45 /* 66.run.zip in Resources */ = {isa = PBXBuildFile; fileRef = 99F7E12B1A3330D100C74F45 /* 66.run.zip */; };
		99F7E2021A3330D100C74F45 /* 67.run.zip in Resources */ = {isa = PBXBuildFile; fileRef = 99F7E12C1A3330D100C74F45 /* 67.run.zip */; };
		99F7E2031A3330D100C74F45 /* 68.run.zip in Resources */ = {isa = PBXBuildFile; fileRef = 99F7E12D1A3330D100C74F45 /* 68.run.zip */; };
		99F7E2041A3330D100C74F45 /* 69.run.zip in Resources */ = {isa = PBXBuildFile; fileRef = 99F7E12E1A3330D100C74F45 /* 69.run.zip */; };
		99F7E2051A3330D100C74F45 /* 7.run.zip in Resources */ = {isa = PBXBuildFile; fileRef = 99F7E12F1A3330D100C74F45 /* 7.run.zip */; };
		99F7E2061A3330D100C74F45 /* 8.run.zip in Resources */ = {isa = PBXBuildFile; fileRef = 99F7E1301A3330D100C74F45 /* 8.run.zip */; };
		99F7E2071A3330D100C74F45 /* 9.run.zip in Resources */ = {isa = PBXBuildFile; fileRef = 99F7E1311A3330D100C74F45 /* 9.run.zip */; };
		99F7E2081A3330D100C74F45 /* test_create_user_ui.js in Resources */ = {isa = PBXBuildFile; fileRef = 99F7E1BD1A3330D100C74F45 /* test_create_user_ui.js */; };
		99F7E2091A3330D100C74F45 /* test_edit_user_ui.js in Resources */ = {isa = PBXBuildFile; fileRef = 99F7E1BE1A3330D100C74F45 /* test_edit_user_ui.js */; };
		99F7E20A1A3330D100C74F45 /* test_login_ui.js in Resources */ = {isa = PBXBuildFile; fileRef = 99F7E1BF1A3330D100C74F45 /* test_login_ui.js */; };
		99F7E20B1A3330D100C74F45 /* test_ui_admin_user_test_suite.js in Resources */ = {isa = PBXBuildFile; fileRef = 99F7E1C01A3330D100C74F45 /* test_ui_admin_user_test_suite.js */; };
		99F7E20C1A3330D100C74F45 /* test_ui_regular_user_test_suite.js in Resources */ = {isa = PBXBuildFile; fileRef = 99F7E1C11A3330D100C74F45 /* test_ui_regular_user_test_suite.js */; };
/* End PBXBuildFile section */

/* Begin PBXContainerItemProxy section */
		999C332F1A286F2900AF2F82 /* PBXContainerItemProxy */ = {
			isa = PBXContainerItemProxy;
			containerPortal = 999C33111A286F2900AF2F82 /* Project object */;
			proxyType = 1;
			remoteGlobalIDString = 999C33181A286F2900AF2F82;
			remoteInfo = CSAClient;
		};
		999C335E1A28BADF00AF2F82 /* PBXContainerItemProxy */ = {
			isa = PBXContainerItemProxy;
			containerPortal = 999C33591A28BADE00AF2F82 /* Alamofire.xcodeproj */;
			proxyType = 2;
			remoteGlobalIDString = F8111E3319A95C8B0040E7D1;
			remoteInfo = Alamofire;
		};
		999C33601A28BADF00AF2F82 /* PBXContainerItemProxy */ = {
			isa = PBXContainerItemProxy;
			containerPortal = 999C33591A28BADE00AF2F82 /* Alamofire.xcodeproj */;
			proxyType = 2;
			remoteGlobalIDString = F8111E3E19A95C8B0040E7D1;
			remoteInfo = AlamofireTests;
		};
		999C33641A28BB0A00AF2F82 /* PBXContainerItemProxy */ = {
			isa = PBXContainerItemProxy;
			containerPortal = 999C33591A28BADE00AF2F82 /* Alamofire.xcodeproj */;
			proxyType = 1;
			remoteGlobalIDString = F8111E3219A95C8B0040E7D1;
			remoteInfo = Alamofire;
		};
/* End PBXContainerItemProxy section */

/* Begin PBXCopyFilesBuildPhase section */
		999C33661A28BB0A00AF2F82 /* Embed Frameworks */ = {
			isa = PBXCopyFilesBuildPhase;
			buildActionMask = 2147483647;
			dstPath = "";
			dstSubfolderSpec = 10;
			files = (
				999C33631A28BB0A00AF2F82 /* Alamofire.framework in Embed Frameworks */,
			);
			name = "Embed Frameworks";
			runOnlyForDeploymentPostprocessing = 0;
		};
/* End PBXCopyFilesBuildPhase section */

/* Begin PBXFileReference section */
		996B653F1A29ED9500A556DC /* UserAddViewController.swift */ = {isa = PBXFileReference; fileEncoding = 4; lastKnownFileType = sourcecode.swift; path = UserAddViewController.swift; sourceTree = "<group>"; };
		999C33191A286F2900AF2F82 /* Aber CSA.app */ = {isa = PBXFileReference; explicitFileType = wrapper.application; includeInIndex = 0; path = "Aber CSA.app"; sourceTree = BUILT_PRODUCTS_DIR; };
		999C331D1A286F2900AF2F82 /* Info.plist */ = {isa = PBXFileReference; lastKnownFileType = text.plist.xml; path = Info.plist; sourceTree = "<group>"; };
		999C331E1A286F2900AF2F82 /* AppDelegate.swift */ = {isa = PBXFileReference; lastKnownFileType = sourcecode.swift; path = AppDelegate.swift; sourceTree = "<group>"; };
		999C33251A286F2900AF2F82 /* Images.xcassets */ = {isa = PBXFileReference; lastKnownFileType = folder.assetcatalog; path = Images.xcassets; sourceTree = "<group>"; };
		999C33281A286F2900AF2F82 /* Base */ = {isa = PBXFileReference; lastKnownFileType = file.xib; name = Base; path = Base.lproj/LaunchScreen.xib; sourceTree = "<group>"; };
		999C332E1A286F2900AF2F82 /* CSAClientTests.xctest */ = {isa = PBXFileReference; explicitFileType = wrapper.cfbundle; includeInIndex = 0; path = CSAClientTests.xctest; sourceTree = BUILT_PRODUCTS_DIR; };
		999C33331A286F2900AF2F82 /* Info.plist */ = {isa = PBXFileReference; lastKnownFileType = text.plist.xml; path = Info.plist; sourceTree = "<group>"; };
		999C33401A286F9A00AF2F82 /* SearchResultsViewController.swift */ = {isa = PBXFileReference; fileEncoding = 4; lastKnownFileType = sourcecode.swift; path = SearchResultsViewController.swift; sourceTree = "<group>"; };
		999C33441A28714C00AF2F82 /* Blank52.png */ = {isa = PBXFileReference; lastKnownFileType = image.png; path = Blank52.png; sourceTree = "<group>"; };
		999C33461A2871C200AF2F82 /* User.swift */ = {isa = PBXFileReference; fileEncoding = 4; lastKnownFileType = sourcecode.swift; path = User.swift; sourceTree = "<group>"; };
		999C33481A28923800AF2F82 /* UserDetailsViewController.swift */ = {isa = PBXFileReference; fileEncoding = 4; lastKnownFileType = sourcecode.swift; path = UserDetailsViewController.swift; sourceTree = "<group>"; };
		999C334A1A28A46600AF2F82 /* Main.storyboard */ = {isa = PBXFileReference; fileEncoding = 4; lastKnownFileType = file.storyboard; name = Main.storyboard; path = CSAClientTests/Main.storyboard; sourceTree = SOURCE_ROOT; };
		999C33591A28BADE00AF2F82 /* Alamofire.xcodeproj */ = {isa = PBXFileReference; lastKnownFileType = "wrapper.pb-project"; name = Alamofire.xcodeproj; path = ../Alamofire/Alamofire.xcodeproj; sourceTree = "<group>"; };
		999C33671A28CB3D00AF2F82 /* APIController.swift */ = {isa = PBXFileReference; fileEncoding = 4; lastKnownFileType = sourcecode.swift; path = APIController.swift; sourceTree = "<group>"; };
		999C33691A29394F00AF2F82 /* TestViewController.swift */ = {isa = PBXFileReference; fileEncoding = 4; lastKnownFileType = sourcecode.swift; path = TestViewController.swift; sourceTree = "<group>"; };
		99A0D1491A2B2A7F0074EABD /* InternalViewController.swift */ = {isa = PBXFileReference; fileEncoding = 4; lastKnownFileType = sourcecode.swift; path = InternalViewController.swift; sourceTree = "<group>"; };
		99B13DC71A30780A00C2FFCC /* TestAPIController.swift */ = {isa = PBXFileReference; fileEncoding = 4; lastKnownFileType = sourcecode.swift; path = TestAPIController.swift; sourceTree = "<group>"; };
		99B3DD941A2BC2400011153D /* InternalUserDetailsController.swift */ = {isa = PBXFileReference; fileEncoding = 4; lastKnownFileType = sourcecode.swift; path = InternalUserDetailsController.swift; sourceTree = "<group>"; };
		99B3DD971A2CB0030011153D /* InternalUserEditViewController.swift */ = {isa = PBXFileReference; fileEncoding = 4; lastKnownFileType = sourcecode.swift; path = InternalUserEditViewController.swift; sourceTree = "<group>"; };
		99B3DD9B1A2D25970011153D /* LoginViewController.swift */ = {isa = PBXFileReference; fileEncoding = 4; lastKnownFileType = sourcecode.swift; path = LoginViewController.swift; sourceTree = "<group>"; };
		99B3DD9D1A2D26BB0011153D /* aber_logo.png */ = {isa = PBXFileReference; lastKnownFileType = image.png; path = aber_logo.png; sourceTree = "<group>"; };
		99F7E0E91A3330D100C74F45 /* form.template */ = {isa = PBXFileReference; lastKnownFileType = file.bplist; path = form.template; sourceTree = "<group>"; };
		99F7E0ED1A3330D100C74F45 /* 1.run.zip */ = {isa = PBXFileReference; lastKnownFileType = archive.zip; path = 1.run.zip; sourceTree = "<group>"; };
		99F7E0EE1A3330D100C74F45 /* 10.run.zip */ = {isa = PBXFileReference; lastKnownFileType = archive.zip; path = 10.run.zip; sourceTree = "<group>"; };
		99F7E0EF1A3330D100C74F45 /* 11.run.zip */ = {isa = PBXFileReference; lastKnownFileType = archive.zip; path = 11.run.zip; sourceTree = "<group>"; };
		99F7E0F01A3330D100C74F45 /* 12.run.zip */ = {isa = PBXFileReference; lastKnownFileType = archive.zip; path = 12.run.zip; sourceTree = "<group>"; };
		99F7E0F11A3330D100C74F45 /* 13.run.zip */ = {isa = PBXFileReference; lastKnownFileType = archive.zip; path = 13.run.zip; sourceTree = "<group>"; };
		99F7E0F21A3330D100C74F45 /* 14.run.zip */ = {isa = PBXFileReference; lastKnownFileType = archive.zip; path = 14.run.zip; sourceTree = "<group>"; };
		99F7E0F31A3330D100C74F45 /* 15.run.zip */ = {isa = PBXFileReference; lastKnownFileType = archive.zip; path = 15.run.zip; sourceTree = "<group>"; };
		99F7E0F41A3330D100C74F45 /* 16.run.zip */ = {isa = PBXFileReference; lastKnownFileType = archive.zip; path = 16.run.zip; sourceTree = "<group>"; };
		99F7E0F51A3330D100C74F45 /* 17.run.zip */ = {isa = PBXFileReference; lastKnownFileType = archive.zip; path = 17.run.zip; sourceTree = "<group>"; };
		99F7E0F61A3330D100C74F45 /* 18.run.zip */ = {isa = PBXFileReference; lastKnownFileType = archive.zip; path = 18.run.zip; sourceTree = "<group>"; };
		99F7E0F71A3330D100C74F45 /* 19.run.zip */ = {isa = PBXFileReference; lastKnownFileType = archive.zip; path = 19.run.zip; sourceTree = "<group>"; };
		99F7E0F81A3330D100C74F45 /* 2.run.zip */ = {isa = PBXFileReference; lastKnownFileType = archive.zip; path = 2.run.zip; sourceTree = "<group>"; };
		99F7E0F91A3330D100C74F45 /* 20.run.zip */ = {isa = PBXFileReference; lastKnownFileType = archive.zip; path = 20.run.zip; sourceTree = "<group>"; };
		99F7E0FA1A3330D100C74F45 /* 21.run.zip */ = {isa = PBXFileReference; lastKnownFileType = archive.zip; path = 21.run.zip; sourceTree = "<group>"; };
		99F7E0FB1A3330D100C74F45 /* 22.run.zip */ = {isa = PBXFileReference; lastKnownFileType = archive.zip; path = 22.run.zip; sourceTree = "<group>"; };
		99F7E0FC1A3330D100C74F45 /* 23.run.zip */ = {isa = PBXFileReference; lastKnownFileType = archive.zip; path = 23.run.zip; sourceTree = "<group>"; };
		99F7E0FD1A3330D100C74F45 /* 24.run.zip */ = {isa = PBXFileReference; lastKnownFileType = archive.zip; path = 24.run.zip; sourceTree = "<group>"; };
		99F7E0FE1A3330D100C74F45 /* 25.run.zip */ = {isa = PBXFileReference; lastKnownFileType = archive.zip; path = 25.run.zip; sourceTree = "<group>"; };
		99F7E0FF1A3330D100C74F45 /* 26.run.zip */ = {isa = PBXFileReference; lastKnownFileType = archive.zip; path = 26.run.zip; sourceTree = "<group>"; };
		99F7E1001A3330D100C74F45 /* 27.run.zip */ = {isa = PBXFileReference; lastKnownFileType = archive.zip; path = 27.run.zip; sourceTree = "<group>"; };
		99F7E1011A3330D100C74F45 /* 28.run.zip */ = {isa = PBXFileReference; lastKnownFileType = archive.zip; path = 28.run.zip; sourceTree = "<group>"; };
		99F7E1021A3330D100C74F45 /* 29.run.zip */ = {isa = PBXFileReference; lastKnownFileType = archive.zip; path = 29.run.zip; sourceTree = "<group>"; };
		99F7E1031A3330D100C74F45 /* 3.run.zip */ = {isa = PBXFileReference; lastKnownFileType = archive.zip; path = 3.run.zip; sourceTree = "<group>"; };
		99F7E1041A3330D100C74F45 /* 30.run.zip */ = {isa = PBXFileReference; lastKnownFileType = archive.zip; path = 30.run.zip; sourceTree = "<group>"; };
		99F7E1051A3330D100C74F45 /* 31.run.zip */ = {isa = PBXFileReference; lastKnownFileType = archive.zip; path = 31.run.zip; sourceTree = "<group>"; };
		99F7E1061A3330D100C74F45 /* 32.run.zip */ = {isa = PBXFileReference; lastKnownFileType = archive.zip; path = 32.run.zip; sourceTree = "<group>"; };
		99F7E1071A3330D100C74F45 /* 33.run.zip */ = {isa = PBXFileReference; lastKnownFileType = archive.zip; path = 33.run.zip; sourceTree = "<group>"; };
		99F7E1081A3330D100C74F45 /* 34.run.zip */ = {isa = PBXFileReference; lastKnownFileType = archive.zip; path = 34.run.zip; sourceTree = "<group>"; };
		99F7E1091A3330D100C74F45 /* 35.run.zip */ = {isa = PBXFileReference; lastKnownFileType = archive.zip; path = 35.run.zip; sourceTree = "<group>"; };
		99F7E10A1A3330D100C74F45 /* 36.run.zip */ = {isa = PBXFileReference; lastKnownFileType = archive.zip; path = 36.run.zip; sourceTree = "<group>"; };
		99F7E10B1A3330D100C74F45 /* 37.run.zip */ = {isa = PBXFileReference; lastKnownFileType = archive.zip; path = 37.run.zip; sourceTree = "<group>"; };
		99F7E10C1A3330D100C74F45 /* 38.run.zip */ = {isa = PBXFileReference; lastKnownFileType = archive.zip; path = 38.run.zip; sourceTree = "<group>"; };
		99F7E10D1A3330D100C74F45 /* 39.run.zip */ = {isa = PBXFileReference; lastKnownFileType = archive.zip; path = 39.run.zip; sourceTree = "<group>"; };
		99F7E10E1A3330D100C74F45 /* 4.run.zip */ = {isa = PBXFileReference; lastKnownFileType = archive.zip; path = 4.run.zip; sourceTree = "<group>"; };
		99F7E10F1A3330D100C74F45 /* 40.run.zip */ = {isa = PBXFileReference; lastKnownFileType = archive.zip; path = 40.run.zip; sourceTree = "<group>"; };
		99F7E1101A3330D100C74F45 /* 41.run.zip */ = {isa = PBXFileReference; lastKnownFileType = archive.zip; path = 41.run.zip; sourceTree = "<group>"; };
		99F7E1111A3330D100C74F45 /* 42.run.zip */ = {isa = PBXFileReference; lastKnownFileType = archive.zip; path = 42.run.zip; sourceTree = "<group>"; };
		99F7E1121A3330D100C74F45 /* 43.run.zip */ = {isa = PBXFileReference; lastKnownFileType = archive.zip; path = 43.run.zip; sourceTree = "<group>"; };
		99F7E1131A3330D100C74F45 /* 44.run.zip */ = {isa = PBXFileReference; lastKnownFileType = archive.zip; path = 44.run.zip; sourceTree = "<group>"; };
		99F7E1141A3330D100C74F45 /* 45.run.zip */ = {isa = PBXFileReference; lastKnownFileType = archive.zip; path = 45.run.zip; sourceTree = "<group>"; };
		99F7E1151A3330D100C74F45 /* 46.run.zip */ = {isa = PBXFileReference; lastKnownFileType = archive.zip; path = 46.run.zip; sourceTree = "<group>"; };
		99F7E1161A3330D100C74F45 /* 47.run.zip */ = {isa = PBXFileReference; lastKnownFileType = archive.zip; path = 47.run.zip; sourceTree = "<group>"; };
		99F7E1171A3330D100C74F45 /* 48.run.zip */ = {isa = PBXFileReference; lastKnownFileType = archive.zip; path = 48.run.zip; sourceTree = "<group>"; };
		99F7E1181A3330D100C74F45 /* 49.run.zip */ = {isa = PBXFileReference; lastKnownFileType = archive.zip; path = 49.run.zip; sourceTree = "<group>"; };
		99F7E1191A3330D100C74F45 /* 5.run.zip */ = {isa = PBXFileReference; lastKnownFileType = archive.zip; path = 5.run.zip; sourceTree = "<group>"; };
		99F7E11A1A3330D100C74F45 /* 50.run.zip */ = {isa = PBXFileReference; lastKnownFileType = archive.zip; path = 50.run.zip; sourceTree = "<group>"; };
		99F7E11B1A3330D100C74F45 /* 51.run.zip */ = {isa = PBXFileReference; lastKnownFileType = archive.zip; path = 51.run.zip; sourceTree = "<group>"; };
		99F7E11C1A3330D100C74F45 /* 52.run.zip */ = {isa = PBXFileReference; lastKnownFileType = archive.zip; path = 52.run.zip; sourceTree = "<group>"; };
		99F7E11D1A3330D100C74F45 /* 53.run.zip */ = {isa = PBXFileReference; lastKnownFileType = archive.zip; path = 53.run.zip; sourceTree = "<group>"; };
		99F7E11E1A3330D100C74F45 /* 54.run.zip */ = {isa = PBXFileReference; lastKnownFileType = archive.zip; path = 54.run.zip; sourceTree = "<group>"; };
		99F7E11F1A3330D100C74F45 /* 55.run.zip */ = {isa = PBXFileReference; lastKnownFileType = archive.zip; path = 55.run.zip; sourceTree = "<group>"; };
		99F7E1201A3330D100C74F45 /* 56.run.zip */ = {isa = PBXFileReference; lastKnownFileType = archive.zip; path = 56.run.zip; sourceTree = "<group>"; };
		99F7E1211A3330D100C74F45 /* 57.run.zip */ = {isa = PBXFileReference; lastKnownFileType = archive.zip; path = 57.run.zip; sourceTree = "<group>"; };
		99F7E1221A3330D100C74F45 /* 58.run.zip */ = {isa = PBXFileReference; lastKnownFileType = archive.zip; path = 58.run.zip; sourceTree = "<group>"; };
		99F7E1231A3330D100C74F45 /* 59.run.zip */ = {isa = PBXFileReference; lastKnownFileType = archive.zip; path = 59.run.zip; sourceTree = "<group>"; };
		99F7E1241A3330D100C74F45 /* 6.run.zip */ = {isa = PBXFileReference; lastKnownFileType = archive.zip; path = 6.run.zip; sourceTree = "<group>"; };
		99F7E1251A3330D100C74F45 /* 60.run.zip */ = {isa = PBXFileReference; lastKnownFileType = archive.zip; path = 60.run.zip; sourceTree = "<group>"; };
		99F7E1261A3330D100C74F45 /* 61.run.zip */ = {isa = PBXFileReference; lastKnownFileType = archive.zip; path = 61.run.zip; sourceTree = "<group>"; };
		99F7E1271A3330D100C74F45 /* 62.run.zip */ = {isa = PBXFileReference; lastKnownFileType = archive.zip; path = 62.run.zip; sourceTree = "<group>"; };
		99F7E1281A3330D100C74F45 /* 63.run.zip */ = {isa = PBXFileReference; lastKnownFileType = archive.zip; path = 63.run.zip; sourceTree = "<group>"; };
		99F7E1291A3330D100C74F45 /* 64.run.zip */ = {isa = PBXFileReference; lastKnownFileType = archive.zip; path = 64.run.zip; sourceTree = "<group>"; };
		99F7E12A1A3330D100C74F45 /* 65.run.zip */ = {isa = PBXFileReference; lastKnownFileType = archive.zip; path = 65.run.zip; sourceTree = "<group>"; };
		99F7E12B1A3330D100C74F45 /* 66.run.zip */ = {isa = PBXFileReference; lastKnownFileType = archive.zip; path = 66.run.zip; sourceTree = "<group>"; };
		99F7E12C1A3330D100C74F45 /* 67.run.zip */ = {isa = PBXFileReference; lastKnownFileType = archive.zip; path = 67.run.zip; sourceTree = "<group>"; };
		99F7E12D1A3330D100C74F45 /* 68.run.zip */ = {isa = PBXFileReference; lastKnownFileType = archive.zip; path = 68.run.zip; sourceTree = "<group>"; };
		99F7E12E1A3330D100C74F45 /* 69.run.zip */ = {isa = PBXFileReference; lastKnownFileType = archive.zip; path = 69.run.zip; sourceTree = "<group>"; };
		99F7E12F1A3330D100C74F45 /* 7.run.zip */ = {isa = PBXFileReference; lastKnownFileType = archive.zip; path = 7.run.zip; sourceTree = "<group>"; };
		99F7E1301A3330D100C74F45 /* 8.run.zip */ = {isa = PBXFileReference; lastKnownFileType = archive.zip; path = 8.run.zip; sourceTree = "<group>"; };
		99F7E1311A3330D100C74F45 /* 9.run.zip */ = {isa = PBXFileReference; lastKnownFileType = archive.zip; path = 9.run.zip; sourceTree = "<group>"; };
		99F7E1BD1A3330D100C74F45 /* test_create_user_ui.js */ = {isa = PBXFileReference; fileEncoding = 4; lastKnownFileType = sourcecode.javascript; path = test_create_user_ui.js; sourceTree = "<group>"; };
		99F7E1BE1A3330D100C74F45 /* test_edit_user_ui.js */ = {isa = PBXFileReference; fileEncoding = 4; lastKnownFileType = sourcecode.javascript; path = test_edit_user_ui.js; sourceTree = "<group>"; };
		99F7E1BF1A3330D100C74F45 /* test_login_ui.js */ = {isa = PBXFileReference; fileEncoding = 4; lastKnownFileType = sourcecode.javascript; path = test_login_ui.js; sourceTree = "<group>"; };
		99F7E1C01A3330D100C74F45 /* test_ui_admin_user_test_suite.js */ = {isa = PBXFileReference; fileEncoding = 4; lastKnownFileType = sourcecode.javascript; path = test_ui_admin_user_test_suite.js; sourceTree = "<group>"; };
		99F7E1C11A3330D100C74F45 /* test_ui_regular_user_test_suite.js */ = {isa = PBXFileReference; fileEncoding = 4; lastKnownFileType = sourcecode.javascript; path = test_ui_regular_user_test_suite.js; sourceTree = "<group>"; };
/* End PBXFileReference section */

/* Begin PBXFrameworksBuildPhase section */
		999C33161A286F2900AF2F82 /* Frameworks */ = {
			isa = PBXFrameworksBuildPhase;
			buildActionMask = 2147483647;
			files = (
				999C33621A28BB0A00AF2F82 /* Alamofire.framework in Frameworks */,
			);
			runOnlyForDeploymentPostprocessing = 0;
		};
		999C332B1A286F2900AF2F82 /* Frameworks */ = {
			isa = PBXFrameworksBuildPhase;
			buildActionMask = 2147483647;
			files = (
			);
			runOnlyForDeploymentPostprocessing = 0;
		};
/* End PBXFrameworksBuildPhase section */

/* Begin PBXGroup section */
		999C33101A286F2900AF2F82 = {
			isa = PBXGroup;
			children = (
				999C33591A28BADE00AF2F82 /* Alamofire.xcodeproj */,
				999C331B1A286F2900AF2F82 /* CSAClient */,
				999C33311A286F2900AF2F82 /* CSAClientTests */,
				999C331A1A286F2900AF2F82 /* Products */,
				99F7E0E71A3330D100C74F45 /* CSAClientUITests */,
			);
			sourceTree = "<group>";
		};
		999C331A1A286F2900AF2F82 /* Products */ = {
			isa = PBXGroup;
			children = (
				999C33191A286F2900AF2F82 /* Aber CSA.app */,
				999C332E1A286F2900AF2F82 /* CSAClientTests.xctest */,
			);
			name = Products;
			sourceTree = "<group>";
		};
		999C331B1A286F2900AF2F82 /* CSAClient */ = {
			isa = PBXGroup;
			children = (
				99B3DD9D1A2D26BB0011153D /* aber_logo.png */,
				996B653F1A29ED9500A556DC /* UserAddViewController.swift */,
				999C33671A28CB3D00AF2F82 /* APIController.swift */,
				999C334A1A28A46600AF2F82 /* Main.storyboard */,
				999C33691A29394F00AF2F82 /* TestViewController.swift */,
				999C33441A28714C00AF2F82 /* Blank52.png */,
				999C331E1A286F2900AF2F82 /* AppDelegate.swift */,
				999C33481A28923800AF2F82 /* UserDetailsViewController.swift */,
				999C33401A286F9A00AF2F82 /* SearchResultsViewController.swift */,
				999C33461A2871C200AF2F82 /* User.swift */,
				99A0D1491A2B2A7F0074EABD /* InternalViewController.swift */,
				99B3DD941A2BC2400011153D /* InternalUserDetailsController.swift */,
				99B3DD971A2CB0030011153D /* InternalUserEditViewController.swift */,
				99B3DD9B1A2D25970011153D /* LoginViewController.swift */,
				999C33251A286F2900AF2F82 /* Images.xcassets */,
				999C33271A286F2900AF2F82 /* LaunchScreen.xib */,
				999C331C1A286F2900AF2F82 /* Supporting Files */,
			);
			path = CSAClient;
			sourceTree = "<group>";
		};
		999C331C1A286F2900AF2F82 /* Supporting Files */ = {
			isa = PBXGroup;
			children = (
				999C331D1A286F2900AF2F82 /* Info.plist */,
			);
			name = "Supporting Files";
			sourceTree = "<group>";
		};
		999C33311A286F2900AF2F82 /* CSAClientTests */ = {
			isa = PBXGroup;
			children = (
				99B13DC71A30780A00C2FFCC /* TestAPIController.swift */,
				999C33321A286F2900AF2F82 /* Supporting Files */,
			);
			path = CSAClientTests;
			sourceTree = "<group>";
		};
		999C33321A286F2900AF2F82 /* Supporting Files */ = {
			isa = PBXGroup;
			children = (
				999C33331A286F2900AF2F82 /* Info.plist */,
			);
			name = "Supporting Files";
			sourceTree = "<group>";
		};
		999C335A1A28BADE00AF2F82 /* Products */ = {
			isa = PBXGroup;
			children = (
				999C335F1A28BADF00AF2F82 /* Alamofire.framework */,
				999C33611A28BADF00AF2F82 /* AlamofireTests.xctest */,
			);
			name = Products;
			sourceTree = "<group>";
		};
		99F7E0E71A3330D100C74F45 /* CSAClientUITests */ = {
			isa = PBXGroup;
			children = (
				99F7E0E81A3330D100C74F45 /* Create_User_Test.trace */,
				99F7E1BD1A3330D100C74F45 /* test_create_user_ui.js */,
				99F7E1BE1A3330D100C74F45 /* test_edit_user_ui.js */,
				99F7E1BF1A3330D100C74F45 /* test_login_ui.js */,
				99F7E1C01A3330D100C74F45 /* test_ui_admin_user_test_suite.js */,
				99F7E1C11A3330D100C74F45 /* test_ui_regular_user_test_suite.js */,
			);
			path = CSAClientUITests;
			sourceTree = "<group>";
		};
		99F7E0E81A3330D100C74F45 /* Create_User_Test.trace */ = {
			isa = PBXGroup;
			children = (
				99F7E0E91A3330D100C74F45 /* form.template */,
				99F7E0EA1A3330D100C74F45 /* instrument_data */,
				99F7E1321A3330D100C74F45 /* shared_data */,
				99F7E1781A3330D100C74F45 /* Trace1.run */,
				99F7E1791A3330D100C74F45 /* Trace10.run */,
				99F7E17A1A3330D100C74F45 /* Trace11.run */,
				99F7E17B1A3330D100C74F45 /* Trace12.run */,
				99F7E17C1A3330D100C74F45 /* Trace13.run */,
				99F7E17D1A3330D100C74F45 /* Trace14.run */,
				99F7E17E1A3330D100C74F45 /* Trace15.run */,
				99F7E17F1A3330D100C74F45 /* Trace16.run */,
				99F7E1801A3330D100C74F45 /* Trace17.run */,
				99F7E1811A3330D100C74F45 /* Trace18.run */,
				99F7E1821A3330D100C74F45 /* Trace19.run */,
				99F7E1831A3330D100C74F45 /* Trace2.run */,
				99F7E1841A3330D100C74F45 /* Trace20.run */,
				99F7E1851A3330D100C74F45 /* Trace21.run */,
				99F7E1861A3330D100C74F45 /* Trace22.run */,
				99F7E1871A3330D100C74F45 /* Trace23.run */,
				99F7E1881A3330D100C74F45 /* Trace24.run */,
				99F7E1891A3330D100C74F45 /* Trace25.run */,
				99F7E18A1A3330D100C74F45 /* Trace26.run */,
				99F7E18B1A3330D100C74F45 /* Trace27.run */,
				99F7E18C1A3330D100C74F45 /* Trace28.run */,
				99F7E18D1A3330D100C74F45 /* Trace29.run */,
				99F7E18E1A3330D100C74F45 /* Trace3.run */,
				99F7E18F1A3330D100C74F45 /* Trace30.run */,
				99F7E1901A3330D100C74F45 /* Trace31.run */,
				99F7E1911A3330D100C74F45 /* Trace32.run */,
				99F7E1921A3330D100C74F45 /* Trace33.run */,
				99F7E1931A3330D100C74F45 /* Trace34.run */,
				99F7E1941A3330D100C74F45 /* Trace35.run */,
				99F7E1951A3330D100C74F45 /* Trace36.run */,
				99F7E1961A3330D100C74F45 /* Trace37.run */,
				99F7E1971A3330D100C74F45 /* Trace38.run */,
				99F7E1981A3330D100C74F45 /* Trace39.run */,
				99F7E1991A3330D100C74F45 /* Trace4.run */,
				99F7E19A1A3330D100C74F45 /* Trace40.run */,
				99F7E19B1A3330D100C74F45 /* Trace41.run */,
				99F7E19C1A3330D100C74F45 /* Trace42.run */,
				99F7E19D1A3330D100C74F45 /* Trace43.run */,
				99F7E19E1A3330D100C74F45 /* Trace44.run */,
				99F7E19F1A3330D100C74F45 /* Trace45.run */,
				99F7E1A01A3330D100C74F45 /* Trace46.run */,
				99F7E1A11A3330D100C74F45 /* Trace47.run */,
				99F7E1A21A3330D100C74F45 /* Trace48.run */,
				99F7E1A31A3330D100C74F45 /* Trace49.run */,
				99F7E1A41A3330D100C74F45 /* Trace5.run */,
				99F7E1A51A3330D100C74F45 /* Trace50.run */,
				99F7E1A61A3330D100C74F45 /* Trace51.run */,
				99F7E1A71A3330D100C74F45 /* Trace52.run */,
				99F7E1A81A3330D100C74F45 /* Trace53.run */,
				99F7E1A91A3330D100C74F45 /* Trace54.run */,
				99F7E1AA1A3330D100C74F45 /* Trace55.run */,
				99F7E1AB1A3330D100C74F45 /* Trace56.run */,
				99F7E1AC1A3330D100C74F45 /* Trace57.run */,
				99F7E1AD1A3330D100C74F45 /* Trace58.run */,
				99F7E1AE1A3330D100C74F45 /* Trace59.run */,
				99F7E1AF1A3330D100C74F45 /* Trace6.run */,
				99F7E1B01A3330D100C74F45 /* Trace60.run */,
				99F7E1B11A3330D100C74F45 /* Trace61.run */,
				99F7E1B21A3330D100C74F45 /* Trace62.run */,
				99F7E1B31A3330D100C74F45 /* Trace63.run */,
				99F7E1B41A3330D100C74F45 /* Trace64.run */,
				99F7E1B51A3330D100C74F45 /* Trace65.run */,
				99F7E1B61A3330D100C74F45 /* Trace66.run */,
				99F7E1B71A3330D100C74F45 /* Trace67.run */,
				99F7E1B81A3330D100C74F45 /* Trace68.run */,
				99F7E1B91A3330D100C74F45 /* Trace69.run */,
				99F7E1BA1A3330D100C74F45 /* Trace7.run */,
				99F7E1BB1A3330D100C74F45 /* Trace8.run */,
				99F7E1BC1A3330D100C74F45 /* Trace9.run */,
			);
			path = Create_User_Test.trace;
			sourceTree = "<group>";
		};
		99F7E0EA1A3330D100C74F45 /* instrument_data */ = {
			isa = PBXGroup;
			children = (
				99F7E0EB1A3330D100C74F45 /* 1E2B732A-6DCA-48F6-9272-CF92DECBC024 */,
			);
			path = instrument_data;
			sourceTree = "<group>";
		};
		99F7E0EB1A3330D100C74F45 /* 1E2B732A-6DCA-48F6-9272-CF92DECBC024 */ = {
			isa = PBXGroup;
			children = (
				99F7E0EC1A3330D100C74F45 /* run_data */,
			);
			path = "1E2B732A-6DCA-48F6-9272-CF92DECBC024";
			sourceTree = "<group>";
		};
		99F7E0EC1A3330D100C74F45 /* run_data */ = {
			isa = PBXGroup;
			children = (
				99F7E0ED1A3330D100C74F45 /* 1.run.zip */,
				99F7E0EE1A3330D100C74F45 /* 10.run.zip */,
				99F7E0EF1A3330D100C74F45 /* 11.run.zip */,
				99F7E0F01A3330D100C74F45 /* 12.run.zip */,
				99F7E0F11A3330D100C74F45 /* 13.run.zip */,
				99F7E0F21A3330D100C74F45 /* 14.run.zip */,
				99F7E0F31A3330D100C74F45 /* 15.run.zip */,
				99F7E0F41A3330D100C74F45 /* 16.run.zip */,
				99F7E0F51A3330D100C74F45 /* 17.run.zip */,
				99F7E0F61A3330D100C74F45 /* 18.run.zip */,
				99F7E0F71A3330D100C74F45 /* 19.run.zip */,
				99F7E0F81A3330D100C74F45 /* 2.run.zip */,
				99F7E0F91A3330D100C74F45 /* 20.run.zip */,
				99F7E0FA1A3330D100C74F45 /* 21.run.zip */,
				99F7E0FB1A3330D100C74F45 /* 22.run.zip */,
				99F7E0FC1A3330D100C74F45 /* 23.run.zip */,
				99F7E0FD1A3330D100C74F45 /* 24.run.zip */,
				99F7E0FE1A3330D100C74F45 /* 25.run.zip */,
				99F7E0FF1A3330D100C74F45 /* 26.run.zip */,
				99F7E1001A3330D100C74F45 /* 27.run.zip */,
				99F7E1011A3330D100C74F45 /* 28.run.zip */,
				99F7E1021A3330D100C74F45 /* 29.run.zip */,
				99F7E1031A3330D100C74F45 /* 3.run.zip */,
				99F7E1041A3330D100C74F45 /* 30.run.zip */,
				99F7E1051A3330D100C74F45 /* 31.run.zip */,
				99F7E1061A3330D100C74F45 /* 32.run.zip */,
				99F7E1071A3330D100C74F45 /* 33.run.zip */,
				99F7E1081A3330D100C74F45 /* 34.run.zip */,
				99F7E1091A3330D100C74F45 /* 35.run.zip */,
				99F7E10A1A3330D100C74F45 /* 36.run.zip */,
				99F7E10B1A3330D100C74F45 /* 37.run.zip */,
				99F7E10C1A3330D100C74F45 /* 38.run.zip */,
				99F7E10D1A3330D100C74F45 /* 39.run.zip */,
				99F7E10E1A3330D100C74F45 /* 4.run.zip */,
				99F7E10F1A3330D100C74F45 /* 40.run.zip */,
				99F7E1101A3330D100C74F45 /* 41.run.zip */,
				99F7E1111A3330D100C74F45 /* 42.run.zip */,
				99F7E1121A3330D100C74F45 /* 43.run.zip */,
				99F7E1131A3330D100C74F45 /* 44.run.zip */,
				99F7E1141A3330D100C74F45 /* 45.run.zip */,
				99F7E1151A3330D100C74F45 /* 46.run.zip */,
				99F7E1161A3330D100C74F45 /* 47.run.zip */,
				99F7E1171A3330D100C74F45 /* 48.run.zip */,
				99F7E1181A3330D100C74F45 /* 49.run.zip */,
				99F7E1191A3330D100C74F45 /* 5.run.zip */,
				99F7E11A1A3330D100C74F45 /* 50.run.zip */,
				99F7E11B1A3330D100C74F45 /* 51.run.zip */,
				99F7E11C1A3330D100C74F45 /* 52.run.zip */,
				99F7E11D1A3330D100C74F45 /* 53.run.zip */,
				99F7E11E1A3330D100C74F45 /* 54.run.zip */,
				99F7E11F1A3330D100C74F45 /* 55.run.zip */,
				99F7E1201A3330D100C74F45 /* 56.run.zip */,
				99F7E1211A3330D100C74F45 /* 57.run.zip */,
				99F7E1221A3330D100C74F45 /* 58.run.zip */,
				99F7E1231A3330D100C74F45 /* 59.run.zip */,
				99F7E1241A3330D100C74F45 /* 6.run.zip */,
				99F7E1251A3330D100C74F45 /* 60.run.zip */,
				99F7E1261A3330D100C74F45 /* 61.run.zip */,
				99F7E1271A3330D100C74F45 /* 62.run.zip */,
				99F7E1281A3330D100C74F45 /* 63.run.zip */,
				99F7E1291A3330D100C74F45 /* 64.run.zip */,
				99F7E12A1A3330D100C74F45 /* 65.run.zip */,
				99F7E12B1A3330D100C74F45 /* 66.run.zip */,
				99F7E12C1A3330D100C74F45 /* 67.run.zip */,
				99F7E12D1A3330D100C74F45 /* 68.run.zip */,
				99F7E12E1A3330D100C74F45 /* 69.run.zip */,
				99F7E12F1A3330D100C74F45 /* 7.run.zip */,
				99F7E1301A3330D100C74F45 /* 8.run.zip */,
				99F7E1311A3330D100C74F45 /* 9.run.zip */,
			);
			path = run_data;
			sourceTree = "<group>";
		};
		99F7E1321A3330D100C74F45 /* shared_data */ = {
			isa = PBXGroup;
			children = (
				99F7E1331A3330D100C74F45 /* 1.run */,
				99F7E1341A3330D100C74F45 /* 10.run */,
				99F7E1351A3330D100C74F45 /* 11.run */,
				99F7E1361A3330D100C74F45 /* 12.run */,
				99F7E1371A3330D100C74F45 /* 13.run */,
				99F7E1381A3330D100C74F45 /* 14.run */,
				99F7E1391A3330D100C74F45 /* 15.run */,
				99F7E13A1A3330D100C74F45 /* 16.run */,
				99F7E13B1A3330D100C74F45 /* 17.run */,
				99F7E13C1A3330D100C74F45 /* 18.run */,
				99F7E13D1A3330D100C74F45 /* 19.run */,
				99F7E13E1A3330D100C74F45 /* 2.run */,
				99F7E13F1A3330D100C74F45 /* 20.run */,
				99F7E1401A3330D100C74F45 /* 21.run */,
				99F7E1411A3330D100C74F45 /* 22.run */,
				99F7E1421A3330D100C74F45 /* 23.run */,
				99F7E1431A3330D100C74F45 /* 24.run */,
				99F7E1441A3330D100C74F45 /* 25.run */,
				99F7E1451A3330D100C74F45 /* 26.run */,
				99F7E1461A3330D100C74F45 /* 27.run */,
				99F7E1471A3330D100C74F45 /* 28.run */,
				99F7E1481A3330D100C74F45 /* 29.run */,
				99F7E1491A3330D100C74F45 /* 3.run */,
				99F7E14A1A3330D100C74F45 /* 30.run */,
				99F7E14B1A3330D100C74F45 /* 31.run */,
				99F7E14C1A3330D100C74F45 /* 32.run */,
				99F7E14D1A3330D100C74F45 /* 33.run */,
				99F7E14E1A3330D100C74F45 /* 34.run */,
				99F7E14F1A3330D100C74F45 /* 35.run */,
				99F7E1501A3330D100C74F45 /* 36.run */,
				99F7E1511A3330D100C74F45 /* 37.run */,
				99F7E1521A3330D100C74F45 /* 38.run */,
				99F7E1531A3330D100C74F45 /* 39.run */,
				99F7E1541A3330D100C74F45 /* 4.run */,
				99F7E1551A3330D100C74F45 /* 40.run */,
				99F7E1561A3330D100C74F45 /* 41.run */,
				99F7E1571A3330D100C74F45 /* 42.run */,
				99F7E1581A3330D100C74F45 /* 43.run */,
				99F7E1591A3330D100C74F45 /* 44.run */,
				99F7E15A1A3330D100C74F45 /* 45.run */,
				99F7E15B1A3330D100C74F45 /* 46.run */,
				99F7E15C1A3330D100C74F45 /* 47.run */,
				99F7E15D1A3330D100C74F45 /* 48.run */,
				99F7E15E1A3330D100C74F45 /* 49.run */,
				99F7E15F1A3330D100C74F45 /* 5.run */,
				99F7E1601A3330D100C74F45 /* 50.run */,
				99F7E1611A3330D100C74F45 /* 51.run */,
				99F7E1621A3330D100C74F45 /* 52.run */,
				99F7E1631A3330D100C74F45 /* 53.run */,
				99F7E1641A3330D100C74F45 /* 54.run */,
				99F7E1651A3330D100C74F45 /* 55.run */,
				99F7E1661A3330D100C74F45 /* 56.run */,
				99F7E1671A3330D100C74F45 /* 57.run */,
				99F7E1681A3330D100C74F45 /* 58.run */,
				99F7E1691A3330D100C74F45 /* 59.run */,
				99F7E16A1A3330D100C74F45 /* 6.run */,
				99F7E16B1A3330D100C74F45 /* 60.run */,
				99F7E16C1A3330D100C74F45 /* 61.run */,
				99F7E16D1A3330D100C74F45 /* 62.run */,
				99F7E16E1A3330D100C74F45 /* 63.run */,
				99F7E16F1A3330D100C74F45 /* 64.run */,
				99F7E1701A3330D100C74F45 /* 65.run */,
				99F7E1711A3330D100C74F45 /* 66.run */,
				99F7E1721A3330D100C74F45 /* 67.run */,
				99F7E1731A3330D100C74F45 /* 68.run */,
				99F7E1741A3330D100C74F45 /* 69.run */,
				99F7E1751A3330D100C74F45 /* 7.run */,
				99F7E1761A3330D100C74F45 /* 8.run */,
				99F7E1771A3330D100C74F45 /* 9.run */,
			);
			path = shared_data;
			sourceTree = "<group>";
		};
		99F7E1331A3330D100C74F45 /* 1.run */ = {
			isa = PBXGroup;
			children = (
			);
			path = 1.run;
			sourceTree = "<group>";
		};
		99F7E1341A3330D100C74F45 /* 10.run */ = {
			isa = PBXGroup;
			children = (
			);
			path = 10.run;
			sourceTree = "<group>";
		};
		99F7E1351A3330D100C74F45 /* 11.run */ = {
			isa = PBXGroup;
			children = (
			);
			path = 11.run;
			sourceTree = "<group>";
		};
		99F7E1361A3330D100C74F45 /* 12.run */ = {
			isa = PBXGroup;
			children = (
			);
			path = 12.run;
			sourceTree = "<group>";
		};
		99F7E1371A3330D100C74F45 /* 13.run */ = {
			isa = PBXGroup;
			children = (
			);
			path = 13.run;
			sourceTree = "<group>";
		};
		99F7E1381A3330D100C74F45 /* 14.run */ = {
			isa = PBXGroup;
			children = (
			);
			path = 14.run;
			sourceTree = "<group>";
		};
		99F7E1391A3330D100C74F45 /* 15.run */ = {
			isa = PBXGroup;
			children = (
			);
			path = 15.run;
			sourceTree = "<group>";
		};
		99F7E13A1A3330D100C74F45 /* 16.run */ = {
			isa = PBXGroup;
			children = (
			);
			path = 16.run;
			sourceTree = "<group>";
		};
		99F7E13B1A3330D100C74F45 /* 17.run */ = {
			isa = PBXGroup;
			children = (
			);
			path = 17.run;
			sourceTree = "<group>";
		};
		99F7E13C1A3330D100C74F45 /* 18.run */ = {
			isa = PBXGroup;
			children = (
			);
			path = 18.run;
			sourceTree = "<group>";
		};
		99F7E13D1A3330D100C74F45 /* 19.run */ = {
			isa = PBXGroup;
			children = (
			);
			path = 19.run;
			sourceTree = "<group>";
		};
		99F7E13E1A3330D100C74F45 /* 2.run */ = {
			isa = PBXGroup;
			children = (
			);
			path = 2.run;
			sourceTree = "<group>";
		};
		99F7E13F1A3330D100C74F45 /* 20.run */ = {
			isa = PBXGroup;
			children = (
			);
			path = 20.run;
			sourceTree = "<group>";
		};
		99F7E1401A3330D100C74F45 /* 21.run */ = {
			isa = PBXGroup;
			children = (
			);
			path = 21.run;
			sourceTree = "<group>";
		};
		99F7E1411A3330D100C74F45 /* 22.run */ = {
			isa = PBXGroup;
			children = (
			);
			path = 22.run;
			sourceTree = "<group>";
		};
		99F7E1421A3330D100C74F45 /* 23.run */ = {
			isa = PBXGroup;
			children = (
			);
			path = 23.run;
			sourceTree = "<group>";
		};
		99F7E1431A3330D100C74F45 /* 24.run */ = {
			isa = PBXGroup;
			children = (
			);
			path = 24.run;
			sourceTree = "<group>";
		};
		99F7E1441A3330D100C74F45 /* 25.run */ = {
			isa = PBXGroup;
			children = (
			);
			path = 25.run;
			sourceTree = "<group>";
		};
		99F7E1451A3330D100C74F45 /* 26.run */ = {
			isa = PBXGroup;
			children = (
			);
			path = 26.run;
			sourceTree = "<group>";
		};
		99F7E1461A3330D100C74F45 /* 27.run */ = {
			isa = PBXGroup;
			children = (
			);
			path = 27.run;
			sourceTree = "<group>";
		};
		99F7E1471A3330D100C74F45 /* 28.run */ = {
			isa = PBXGroup;
			children = (
			);
			path = 28.run;
			sourceTree = "<group>";
		};
		99F7E1481A3330D100C74F45 /* 29.run */ = {
			isa = PBXGroup;
			children = (
			);
			path = 29.run;
			sourceTree = "<group>";
		};
		99F7E1491A3330D100C74F45 /* 3.run */ = {
			isa = PBXGroup;
			children = (
			);
			path = 3.run;
			sourceTree = "<group>";
		};
		99F7E14A1A3330D100C74F45 /* 30.run */ = {
			isa = PBXGroup;
			children = (
			);
			path = 30.run;
			sourceTree = "<group>";
		};
		99F7E14B1A3330D100C74F45 /* 31.run */ = {
			isa = PBXGroup;
			children = (
			);
			path = 31.run;
			sourceTree = "<group>";
		};
		99F7E14C1A3330D100C74F45 /* 32.run */ = {
			isa = PBXGroup;
			children = (
			);
			path = 32.run;
			sourceTree = "<group>";
		};
		99F7E14D1A3330D100C74F45 /* 33.run */ = {
			isa = PBXGroup;
			children = (
			);
			path = 33.run;
			sourceTree = "<group>";
		};
		99F7E14E1A3330D100C74F45 /* 34.run */ = {
			isa = PBXGroup;
			children = (
			);
			path = 34.run;
			sourceTree = "<group>";
		};
		99F7E14F1A3330D100C74F45 /* 35.run */ = {
			isa = PBXGroup;
			children = (
			);
			path = 35.run;
			sourceTree = "<group>";
		};
		99F7E1501A3330D100C74F45 /* 36.run */ = {
			isa = PBXGroup;
			children = (
			);
			path = 36.run;
			sourceTree = "<group>";
		};
		99F7E1511A3330D100C74F45 /* 37.run */ = {
			isa = PBXGroup;
			children = (
			);
			path = 37.run;
			sourceTree = "<group>";
		};
		99F7E1521A3330D100C74F45 /* 38.run */ = {
			isa = PBXGroup;
			children = (
			);
			path = 38.run;
			sourceTree = "<group>";
		};
		99F7E1531A3330D100C74F45 /* 39.run */ = {
			isa = PBXGroup;
			children = (
			);
			path = 39.run;
			sourceTree = "<group>";
		};
		99F7E1541A3330D100C74F45 /* 4.run */ = {
			isa = PBXGroup;
			children = (
			);
			path = 4.run;
			sourceTree = "<group>";
		};
		99F7E1551A3330D100C74F45 /* 40.run */ = {
			isa = PBXGroup;
			children = (
			);
			path = 40.run;
			sourceTree = "<group>";
		};
		99F7E1561A3330D100C74F45 /* 41.run */ = {
			isa = PBXGroup;
			children = (
			);
			path = 41.run;
			sourceTree = "<group>";
		};
		99F7E1571A3330D100C74F45 /* 42.run */ = {
			isa = PBXGroup;
			children = (
			);
			path = 42.run;
			sourceTree = "<group>";
		};
		99F7E1581A3330D100C74F45 /* 43.run */ = {
			isa = PBXGroup;
			children = (
			);
			path = 43.run;
			sourceTree = "<group>";
		};
		99F7E1591A3330D100C74F45 /* 44.run */ = {
			isa = PBXGroup;
			children = (
			);
			path = 44.run;
			sourceTree = "<group>";
		};
		99F7E15A1A3330D100C74F45 /* 45.run */ = {
			isa = PBXGroup;
			children = (
			);
			path = 45.run;
			sourceTree = "<group>";
		};
		99F7E15B1A3330D100C74F45 /* 46.run */ = {
			isa = PBXGroup;
			children = (
			);
			path = 46.run;
			sourceTree = "<group>";
		};
		99F7E15C1A3330D100C74F45 /* 47.run */ = {
			isa = PBXGroup;
			children = (
			);
			path = 47.run;
			sourceTree = "<group>";
		};
		99F7E15D1A3330D100C74F45 /* 48.run */ = {
			isa = PBXGroup;
			children = (
			);
			path = 48.run;
			sourceTree = "<group>";
		};
		99F7E15E1A3330D100C74F45 /* 49.run */ = {
			isa = PBXGroup;
			children = (
			);
			path = 49.run;
			sourceTree = "<group>";
		};
		99F7E15F1A3330D100C74F45 /* 5.run */ = {
			isa = PBXGroup;
			children = (
			);
			path = 5.run;
			sourceTree = "<group>";
		};
		99F7E1601A3330D100C74F45 /* 50.run */ = {
			isa = PBXGroup;
			children = (
			);
			path = 50.run;
			sourceTree = "<group>";
		};
		99F7E1611A3330D100C74F45 /* 51.run */ = {
			isa = PBXGroup;
			children = (
			);
			path = 51.run;
			sourceTree = "<group>";
		};
		99F7E1621A3330D100C74F45 /* 52.run */ = {
			isa = PBXGroup;
			children = (
			);
			path = 52.run;
			sourceTree = "<group>";
		};
		99F7E1631A3330D100C74F45 /* 53.run */ = {
			isa = PBXGroup;
			children = (
			);
			path = 53.run;
			sourceTree = "<group>";
		};
		99F7E1641A3330D100C74F45 /* 54.run */ = {
			isa = PBXGroup;
			children = (
			);
			path = 54.run;
			sourceTree = "<group>";
		};
		99F7E1651A3330D100C74F45 /* 55.run */ = {
			isa = PBXGroup;
			children = (
			);
			path = 55.run;
			sourceTree = "<group>";
		};
		99F7E1661A3330D100C74F45 /* 56.run */ = {
			isa = PBXGroup;
			children = (
			);
			path = 56.run;
			sourceTree = "<group>";
		};
		99F7E1671A3330D100C74F45 /* 57.run */ = {
			isa = PBXGroup;
			children = (
			);
			path = 57.run;
			sourceTree = "<group>";
		};
		99F7E1681A3330D100C74F45 /* 58.run */ = {
			isa = PBXGroup;
			children = (
			);
			path = 58.run;
			sourceTree = "<group>";
		};
		99F7E1691A3330D100C74F45 /* 59.run */ = {
			isa = PBXGroup;
			children = (
			);
			path = 59.run;
			sourceTree = "<group>";
		};
		99F7E16A1A3330D100C74F45 /* 6.run */ = {
			isa = PBXGroup;
			children = (
			);
			path = 6.run;
			sourceTree = "<group>";
		};
		99F7E16B1A3330D100C74F45 /* 60.run */ = {
			isa = PBXGroup;
			children = (
			);
			path = 60.run;
			sourceTree = "<group>";
		};
		99F7E16C1A3330D100C74F45 /* 61.run */ = {
			isa = PBXGroup;
			children = (
			);
			path = 61.run;
			sourceTree = "<group>";
		};
		99F7E16D1A3330D100C74F45 /* 62.run */ = {
			isa = PBXGroup;
			children = (
			);
			path = 62.run;
			sourceTree = "<group>";
		};
		99F7E16E1A3330D100C74F45 /* 63.run */ = {
			isa = PBXGroup;
			children = (
			);
			path = 63.run;
			sourceTree = "<group>";
		};
		99F7E16F1A3330D100C74F45 /* 64.run */ = {
			isa = PBXGroup;
			children = (
			);
			path = 64.run;
			sourceTree = "<group>";
		};
		99F7E1701A3330D100C74F45 /* 65.run */ = {
			isa = PBXGroup;
			children = (
			);
			path = 65.run;
			sourceTree = "<group>";
		};
		99F7E1711A3330D100C74F45 /* 66.run */ = {
			isa = PBXGroup;
			children = (
			);
			path = 66.run;
			sourceTree = "<group>";
		};
		99F7E1721A3330D100C74F45 /* 67.run */ = {
			isa = PBXGroup;
			children = (
			);
			path = 67.run;
			sourceTree = "<group>";
		};
		99F7E1731A3330D100C74F45 /* 68.run */ = {
			isa = PBXGroup;
			children = (
			);
			path = 68.run;
			sourceTree = "<group>";
		};
		99F7E1741A3330D100C74F45 /* 69.run */ = {
			isa = PBXGroup;
			children = (
			);
			path = 69.run;
			sourceTree = "<group>";
		};
		99F7E1751A3330D100C74F45 /* 7.run */ = {
			isa = PBXGroup;
			children = (
			);
			path = 7.run;
			sourceTree = "<group>";
		};
		99F7E1761A3330D100C74F45 /* 8.run */ = {
			isa = PBXGroup;
			children = (
			);
			path = 8.run;
			sourceTree = "<group>";
		};
		99F7E1771A3330D100C74F45 /* 9.run */ = {
			isa = PBXGroup;
			children = (
			);
			path = 9.run;
			sourceTree = "<group>";
		};
		99F7E1781A3330D100C74F45 /* Trace1.run */ = {
			isa = PBXGroup;
			children = (
			);
			path = Trace1.run;
			sourceTree = "<group>";
		};
		99F7E1791A3330D100C74F45 /* Trace10.run */ = {
			isa = PBXGroup;
			children = (
			);
			path = Trace10.run;
			sourceTree = "<group>";
		};
		99F7E17A1A3330D100C74F45 /* Trace11.run */ = {
			isa = PBXGroup;
			children = (
			);
			path = Trace11.run;
			sourceTree = "<group>";
		};
		99F7E17B1A3330D100C74F45 /* Trace12.run */ = {
			isa = PBXGroup;
			children = (
			);
			path = Trace12.run;
			sourceTree = "<group>";
		};
		99F7E17C1A3330D100C74F45 /* Trace13.run */ = {
			isa = PBXGroup;
			children = (
			);
			path = Trace13.run;
			sourceTree = "<group>";
		};
		99F7E17D1A3330D100C74F45 /* Trace14.run */ = {
			isa = PBXGroup;
			children = (
			);
			path = Trace14.run;
			sourceTree = "<group>";
		};
		99F7E17E1A3330D100C74F45 /* Trace15.run */ = {
			isa = PBXGroup;
			children = (
			);
			path = Trace15.run;
			sourceTree = "<group>";
		};
		99F7E17F1A3330D100C74F45 /* Trace16.run */ = {
			isa = PBXGroup;
			children = (
			);
			path = Trace16.run;
			sourceTree = "<group>";
		};
		99F7E1801A3330D100C74F45 /* Trace17.run */ = {
			isa = PBXGroup;
			children = (
			);
			path = Trace17.run;
			sourceTree = "<group>";
		};
		99F7E1811A3330D100C74F45 /* Trace18.run */ = {
			isa = PBXGroup;
			children = (
			);
			path = Trace18.run;
			sourceTree = "<group>";
		};
		99F7E1821A3330D100C74F45 /* Trace19.run */ = {
			isa = PBXGroup;
			children = (
			);
			path = Trace19.run;
			sourceTree = "<group>";
		};
		99F7E1831A3330D100C74F45 /* Trace2.run */ = {
			isa = PBXGroup;
			children = (
			);
			path = Trace2.run;
			sourceTree = "<group>";
		};
		99F7E1841A3330D100C74F45 /* Trace20.run */ = {
			isa = PBXGroup;
			children = (
			);
			path = Trace20.run;
			sourceTree = "<group>";
		};
		99F7E1851A3330D100C74F45 /* Trace21.run */ = {
			isa = PBXGroup;
			children = (
			);
			path = Trace21.run;
			sourceTree = "<group>";
		};
		99F7E1861A3330D100C74F45 /* Trace22.run */ = {
			isa = PBXGroup;
			children = (
			);
			path = Trace22.run;
			sourceTree = "<group>";
		};
		99F7E1871A3330D100C74F45 /* Trace23.run */ = {
			isa = PBXGroup;
			children = (
			);
			path = Trace23.run;
			sourceTree = "<group>";
		};
		99F7E1881A3330D100C74F45 /* Trace24.run */ = {
			isa = PBXGroup;
			children = (
			);
			path = Trace24.run;
			sourceTree = "<group>";
		};
		99F7E1891A3330D100C74F45 /* Trace25.run */ = {
			isa = PBXGroup;
			children = (
			);
			path = Trace25.run;
			sourceTree = "<group>";
		};
		99F7E18A1A3330D100C74F45 /* Trace26.run */ = {
			isa = PBXGroup;
			children = (
			);
			path = Trace26.run;
			sourceTree = "<group>";
		};
		99F7E18B1A3330D100C74F45 /* Trace27.run */ = {
			isa = PBXGroup;
			children = (
			);
			path = Trace27.run;
			sourceTree = "<group>";
		};
		99F7E18C1A3330D100C74F45 /* Trace28.run */ = {
			isa = PBXGroup;
			children = (
			);
			path = Trace28.run;
			sourceTree = "<group>";
		};
		99F7E18D1A3330D100C74F45 /* Trace29.run */ = {
			isa = PBXGroup;
			children = (
			);
			path = Trace29.run;
			sourceTree = "<group>";
		};
		99F7E18E1A3330D100C74F45 /* Trace3.run */ = {
			isa = PBXGroup;
			children = (
			);
			path = Trace3.run;
			sourceTree = "<group>";
		};
		99F7E18F1A3330D100C74F45 /* Trace30.run */ = {
			isa = PBXGroup;
			children = (
			);
			path = Trace30.run;
			sourceTree = "<group>";
		};
		99F7E1901A3330D100C74F45 /* Trace31.run */ = {
			isa = PBXGroup;
			children = (
			);
			path = Trace31.run;
			sourceTree = "<group>";
		};
		99F7E1911A3330D100C74F45 /* Trace32.run */ = {
			isa = PBXGroup;
			children = (
			);
			path = Trace32.run;
			sourceTree = "<group>";
		};
		99F7E1921A3330D100C74F45 /* Trace33.run */ = {
			isa = PBXGroup;
			children = (
			);
			path = Trace33.run;
			sourceTree = "<group>";
		};
		99F7E1931A3330D100C74F45 /* Trace34.run */ = {
			isa = PBXGroup;
			children = (
			);
			path = Trace34.run;
			sourceTree = "<group>";
		};
		99F7E1941A3330D100C74F45 /* Trace35.run */ = {
			isa = PBXGroup;
			children = (
			);
			path = Trace35.run;
			sourceTree = "<group>";
		};
		99F7E1951A3330D100C74F45 /* Trace36.run */ = {
			isa = PBXGroup;
			children = (
			);
			path = Trace36.run;
			sourceTree = "<group>";
		};
		99F7E1961A3330D100C74F45 /* Trace37.run */ = {
			isa = PBXGroup;
			children = (
			);
			path = Trace37.run;
			sourceTree = "<group>";
		};
		99F7E1971A3330D100C74F45 /* Trace38.run */ = {
			isa = PBXGroup;
			children = (
			);
			path = Trace38.run;
			sourceTree = "<group>";
		};
		99F7E1981A3330D100C74F45 /* Trace39.run */ = {
			isa = PBXGroup;
			children = (
			);
			path = Trace39.run;
			sourceTree = "<group>";
		};
		99F7E1991A3330D100C74F45 /* Trace4.run */ = {
			isa = PBXGroup;
			children = (
			);
			path = Trace4.run;
			sourceTree = "<group>";
		};
		99F7E19A1A3330D100C74F45 /* Trace40.run */ = {
			isa = PBXGroup;
			children = (
			);
			path = Trace40.run;
			sourceTree = "<group>";
		};
		99F7E19B1A3330D100C74F45 /* Trace41.run */ = {
			isa = PBXGroup;
			children = (
			);
			path = Trace41.run;
			sourceTree = "<group>";
		};
		99F7E19C1A3330D100C74F45 /* Trace42.run */ = {
			isa = PBXGroup;
			children = (
			);
			path = Trace42.run;
			sourceTree = "<group>";
		};
		99F7E19D1A3330D100C74F45 /* Trace43.run */ = {
			isa = PBXGroup;
			children = (
			);
			path = Trace43.run;
			sourceTree = "<group>";
		};
		99F7E19E1A3330D100C74F45 /* Trace44.run */ = {
			isa = PBXGroup;
			children = (
			);
			path = Trace44.run;
			sourceTree = "<group>";
		};
		99F7E19F1A3330D100C74F45 /* Trace45.run */ = {
			isa = PBXGroup;
			children = (
			);
			path = Trace45.run;
			sourceTree = "<group>";
		};
		99F7E1A01A3330D100C74F45 /* Trace46.run */ = {
			isa = PBXGroup;
			children = (
			);
			path = Trace46.run;
			sourceTree = "<group>";
		};
		99F7E1A11A3330D100C74F45 /* Trace47.run */ = {
			isa = PBXGroup;
			children = (
			);
			path = Trace47.run;
			sourceTree = "<group>";
		};
		99F7E1A21A3330D100C74F45 /* Trace48.run */ = {
			isa = PBXGroup;
			children = (
			);
			path = Trace48.run;
			sourceTree = "<group>";
		};
		99F7E1A31A3330D100C74F45 /* Trace49.run */ = {
			isa = PBXGroup;
			children = (
			);
			path = Trace49.run;
			sourceTree = "<group>";
		};
		99F7E1A41A3330D100C74F45 /* Trace5.run */ = {
			isa = PBXGroup;
			children = (
			);
			path = Trace5.run;
			sourceTree = "<group>";
		};
		99F7E1A51A3330D100C74F45 /* Trace50.run */ = {
			isa = PBXGroup;
			children = (
			);
			path = Trace50.run;
			sourceTree = "<group>";
		};
		99F7E1A61A3330D100C74F45 /* Trace51.run */ = {
			isa = PBXGroup;
			children = (
			);
			path = Trace51.run;
			sourceTree = "<group>";
		};
		99F7E1A71A3330D100C74F45 /* Trace52.run */ = {
			isa = PBXGroup;
			children = (
			);
			path = Trace52.run;
			sourceTree = "<group>";
		};
		99F7E1A81A3330D100C74F45 /* Trace53.run */ = {
			isa = PBXGroup;
			children = (
			);
			path = Trace53.run;
			sourceTree = "<group>";
		};
		99F7E1A91A3330D100C74F45 /* Trace54.run */ = {
			isa = PBXGroup;
			children = (
			);
			path = Trace54.run;
			sourceTree = "<group>";
		};
		99F7E1AA1A3330D100C74F45 /* Trace55.run */ = {
			isa = PBXGroup;
			children = (
			);
			path = Trace55.run;
			sourceTree = "<group>";
		};
		99F7E1AB1A3330D100C74F45 /* Trace56.run */ = {
			isa = PBXGroup;
			children = (
			);
			path = Trace56.run;
			sourceTree = "<group>";
		};
		99F7E1AC1A3330D100C74F45 /* Trace57.run */ = {
			isa = PBXGroup;
			children = (
			);
			path = Trace57.run;
			sourceTree = "<group>";
		};
		99F7E1AD1A3330D100C74F45 /* Trace58.run */ = {
			isa = PBXGroup;
			children = (
			);
			path = Trace58.run;
			sourceTree = "<group>";
		};
		99F7E1AE1A3330D100C74F45 /* Trace59.run */ = {
			isa = PBXGroup;
			children = (
			);
			path = Trace59.run;
			sourceTree = "<group>";
		};
		99F7E1AF1A3330D100C74F45 /* Trace6.run */ = {
			isa = PBXGroup;
			children = (
			);
			path = Trace6.run;
			sourceTree = "<group>";
		};
		99F7E1B01A3330D100C74F45 /* Trace60.run */ = {
			isa = PBXGroup;
			children = (
			);
			path = Trace60.run;
			sourceTree = "<group>";
		};
		99F7E1B11A3330D100C74F45 /* Trace61.run */ = {
			isa = PBXGroup;
			children = (
			);
			path = Trace61.run;
			sourceTree = "<group>";
		};
		99F7E1B21A3330D100C74F45 /* Trace62.run */ = {
			isa = PBXGroup;
			children = (
			);
			path = Trace62.run;
			sourceTree = "<group>";
		};
		99F7E1B31A3330D100C74F45 /* Trace63.run */ = {
			isa = PBXGroup;
			children = (
			);
			path = Trace63.run;
			sourceTree = "<group>";
		};
		99F7E1B41A3330D100C74F45 /* Trace64.run */ = {
			isa = PBXGroup;
			children = (
			);
			path = Trace64.run;
			sourceTree = "<group>";
		};
		99F7E1B51A3330D100C74F45 /* Trace65.run */ = {
			isa = PBXGroup;
			children = (
			);
			path = Trace65.run;
			sourceTree = "<group>";
		};
		99F7E1B61A3330D100C74F45 /* Trace66.run */ = {
			isa = PBXGroup;
			children = (
			);
			path = Trace66.run;
			sourceTree = "<group>";
		};
		99F7E1B71A3330D100C74F45 /* Trace67.run */ = {
			isa = PBXGroup;
			children = (
			);
			path = Trace67.run;
			sourceTree = "<group>";
		};
		99F7E1B81A3330D100C74F45 /* Trace68.run */ = {
			isa = PBXGroup;
			children = (
			);
			path = Trace68.run;
			sourceTree = "<group>";
		};
		99F7E1B91A3330D100C74F45 /* Trace69.run */ = {
			isa = PBXGroup;
			children = (
			);
			path = Trace69.run;
			sourceTree = "<group>";
		};
		99F7E1BA1A3330D100C74F45 /* Trace7.run */ = {
			isa = PBXGroup;
			children = (
			);
			path = Trace7.run;
			sourceTree = "<group>";
		};
		99F7E1BB1A3330D100C74F45 /* Trace8.run */ = {
			isa = PBXGroup;
			children = (
			);
			path = Trace8.run;
			sourceTree = "<group>";
		};
		99F7E1BC1A3330D100C74F45 /* Trace9.run */ = {
			isa = PBXGroup;
			children = (
			);
			path = Trace9.run;
			sourceTree = "<group>";
		};
/* End PBXGroup section */

/* Begin PBXNativeTarget section */
		999C33181A286F2900AF2F82 /* CSAClient */ = {
			isa = PBXNativeTarget;
			buildConfigurationList = 999C33381A286F2900AF2F82 /* Build configuration list for PBXNativeTarget "CSAClient" */;
			buildPhases = (
				999C33151A286F2900AF2F82 /* Sources */,
				999C33161A286F2900AF2F82 /* Frameworks */,
				999C33171A286F2900AF2F82 /* Resources */,
				999C33661A28BB0A00AF2F82 /* Embed Frameworks */,
			);
			buildRules = (
			);
			dependencies = (
				999C33651A28BB0A00AF2F82 /* PBXTargetDependency */,
			);
			name = CSAClient;
			productName = CSAClient;
			productReference = 999C33191A286F2900AF2F82 /* Aber CSA.app */;
			productType = "com.apple.product-type.application";
		};
		999C332D1A286F2900AF2F82 /* CSAClientTests */ = {
			isa = PBXNativeTarget;
			buildConfigurationList = 999C333B1A286F2900AF2F82 /* Build configuration list for PBXNativeTarget "CSAClientTests" */;
			buildPhases = (
				999C332A1A286F2900AF2F82 /* Sources */,
				999C332B1A286F2900AF2F82 /* Frameworks */,
				999C332C1A286F2900AF2F82 /* Resources */,
			);
			buildRules = (
			);
			dependencies = (
				999C33301A286F2900AF2F82 /* PBXTargetDependency */,
			);
			name = CSAClientTests;
			productName = CSAClientTests;
			productReference = 999C332E1A286F2900AF2F82 /* CSAClientTests.xctest */;
			productType = "com.apple.product-type.bundle.unit-test";
		};
/* End PBXNativeTarget section */

/* Begin PBXProject section */
		999C33111A286F2900AF2F82 /* Project object */ = {
			isa = PBXProject;
			attributes = {
				LastUpgradeCheck = 0610;
				ORGANIZATIONNAME = "Connor Goddard";
				TargetAttributes = {
					999C33181A286F2900AF2F82 = {
						CreatedOnToolsVersion = 6.1;
					};
					999C332D1A286F2900AF2F82 = {
						CreatedOnToolsVersion = 6.1;
						TestTargetID = 999C33181A286F2900AF2F82;
					};
				};
			};
			buildConfigurationList = 999C33141A286F2900AF2F82 /* Build configuration list for PBXProject "CSAClient" */;
			compatibilityVersion = "Xcode 3.2";
			developmentRegion = English;
			hasScannedForEncodings = 0;
			knownRegions = (
				en,
				Base,
			);
			mainGroup = 999C33101A286F2900AF2F82;
			productRefGroup = 999C331A1A286F2900AF2F82 /* Products */;
			projectDirPath = "";
			projectReferences = (
				{
					ProductGroup = 999C335A1A28BADE00AF2F82 /* Products */;
					ProjectRef = 999C33591A28BADE00AF2F82 /* Alamofire.xcodeproj */;
				},
			);
			projectRoot = "";
			targets = (
				999C33181A286F2900AF2F82 /* CSAClient */,
				999C332D1A286F2900AF2F82 /* CSAClientTests */,
			);
		};
/* End PBXProject section */

/* Begin PBXReferenceProxy section */
		999C335F1A28BADF00AF2F82 /* Alamofire.framework */ = {
			isa = PBXReferenceProxy;
			fileType = wrapper.framework;
			path = Alamofire.framework;
			remoteRef = 999C335E1A28BADF00AF2F82 /* PBXContainerItemProxy */;
			sourceTree = BUILT_PRODUCTS_DIR;
		};
		999C33611A28BADF00AF2F82 /* AlamofireTests.xctest */ = {
			isa = PBXReferenceProxy;
			fileType = wrapper.cfbundle;
			path = AlamofireTests.xctest;
			remoteRef = 999C33601A28BADF00AF2F82 /* PBXContainerItemProxy */;
			sourceTree = BUILT_PRODUCTS_DIR;
		};
/* End PBXReferenceProxy section */

/* Begin PBXResourcesBuildPhase section */
		999C33171A286F2900AF2F82 /* Resources */ = {
			isa = PBXResourcesBuildPhase;
			buildActionMask = 2147483647;
			files = (
				999C33451A28714C00AF2F82 /* Blank52.png in Resources */,
				99F7E1D81A3330D100C74F45 /* 29.run.zip in Resources */,
				99F7E2011A3330D100C74F45 /* 66.run.zip in Resources */,
				99F7E1D01A3330D100C74F45 /* 21.run.zip in Resources */,
				99F7E1E21A3330D100C74F45 /* 38.run.zip in Resources */,
				99F7E1C91A3330D100C74F45 /* 15.run.zip in Resources */,
				99F7E20B1A3330D100C74F45 /* test_ui_admin_user_test_suite.js in Resources */,
				999C33291A286F2900AF2F82 /* LaunchScreen.xib in Resources */,
				99F7E2081A3330D100C74F45 /* test_create_user_ui.js in Resources */,
				99F7E1D51A3330D100C74F45 /* 26.run.zip in Resources */,
				99F7E1E61A3330D100C74F45 /* 41.run.zip in Resources */,
				99F7E1D71A3330D100C74F45 /* 28.run.zip in Resources */,
				99F7E1CB1A3330D100C74F45 /* 17.run.zip in Resources */,
				99F7E1F91A3330D100C74F45 /* 59.run.zip in Resources */,
				99F7E1E41A3330D100C74F45 /* 4.run.zip in Resources */,
				99F7E1F81A3330D100C74F45 /* 58.run.zip in Resources */,
				99F7E1FA1A3330D100C74F45 /* 6.run.zip in Resources */,
				99F7E2091A3330D100C74F45 /* test_edit_user_ui.js in Resources */,
				99B3DD9E1A2D26BB0011153D /* aber_logo.png in Resources */,
				99F7E1C31A3330D100C74F45 /* 1.run.zip in Resources */,
				99F7E1C71A3330D100C74F45 /* 13.run.zip in Resources */,
				99F7E20C1A3330D100C74F45 /* test_ui_regular_user_test_suite.js in Resources */,
				99F7E1CC1A3330D100C74F45 /* 18.run.zip in Resources */,
				99F7E1F01A3330D100C74F45 /* 50.run.zip in Resources */,
				99F7E1C21A3330D100C74F45 /* form.template in Resources */,
				99F7E1C61A3330D100C74F45 /* 12.run.zip in Resources */,
				99F7E1D31A3330D100C74F45 /* 24.run.zip in Resources */,
				99F7E1E51A3330D100C74F45 /* 40.run.zip in Resources */,
				99F7E1E01A3330D100C74F45 /* 36.run.zip in Resources */,
				99F7E1CD1A3330D100C74F45 /* 19.run.zip in Resources */,
				99F7E1D41A3330D100C74F45 /* 25.run.zip in Resources */,
				99F7E1DA1A3330D100C74F45 /* 30.run.zip in Resources */,
				99F7E1F51A3330D100C74F45 /* 55.run.zip in Resources */,
				99F7E1E31A3330D100C74F45 /* 39.run.zip in Resources */,
				99F7E1F11A3330D100C74F45 /* 51.run.zip in Resources */,
				99F7E2061A3330D100C74F45 /* 8.run.zip in Resources */,
				99F7E1F61A3330D100C74F45 /* 56.run.zip in Resources */,
				99F7E2031A3330D100C74F45 /* 68.run.zip in Resources */,
				99F7E1C81A3330D100C74F45 /* 14.run.zip in Resources */,
				99F7E1E81A3330D100C74F45 /* 43.run.zip in Resources */,
				99F7E1DE1A3330D100C74F45 /* 34.run.zip in Resources */,
				99F7E1E11A3330D100C74F45 /* 37.run.zip in Resources */,
				99F7E2041A3330D100C74F45 /* 69.run.zip in Resources */,
				99F7E1EF1A3330D100C74F45 /* 5.run.zip in Resources */,
				99F7E1EB1A3330D100C74F45 /* 46.run.zip in Resources */,
				99F7E1DC1A3330D100C74F45 /* 32.run.zip in Resources */,
				99F7E1CA1A3330D100C74F45 /* 16.run.zip in Resources */,
				99F7E2071A3330D100C74F45 /* 9.run.zip in Resources */,
				99F7E1D91A3330D100C74F45 /* 3.run.zip in Resources */,
				99F7E1D61A3330D100C74F45 /* 27.run.zip in Resources */,
				99F7E1D11A3330D100C74F45 /* 22.run.zip in Resources */,
				99F7E1F21A3330D100C74F45 /* 52.run.zip in Resources */,
				99F7E1DF1A3330D100C74F45 /* 35.run.zip in Resources */,
				99F7E1FD1A3330D100C74F45 /* 62.run.zip in Resources */,
				99F7E1EE1A3330D100C74F45 /* 49.run.zip in Resources */,
				99F7E2021A3330D100C74F45 /* 67.run.zip in Resources */,
				99F7E1E71A3330D100C74F45 /* 42.run.zip in Resources */,
				99F7E1D21A3330D100C74F45 /* 23.run.zip in Resources */,
				99F7E2051A3330D100C74F45 /* 7.run.zip in Resources */,
				99F7E1F71A3330D100C74F45 /* 57.run.zip in Resources */,
				99F7E1E91A3330D100C74F45 /* 44.run.zip in Resources */,
				99F7E1ED1A3330D100C74F45 /* 48.run.zip in Resources */,
				99F7E1CE1A3330D100C74F45 /* 2.run.zip in Resources */,
				99F7E1CF1A3330D100C74F45 /* 20.run.zip in Resources */,
				99F7E2001A3330D100C74F45 /* 65.run.zip in Resources */,
				99F7E1C51A3330D100C74F45 /* 11.run.zip in Resources */,
				99F7E1FC1A3330D100C74F45 /* 61.run.zip in Resources */,
				99F7E1FF1A3330D100C74F45 /* 64.run.zip in Resources */,
				99F7E1F31A3330D100C74F45 /* 53.run.zip in Resources */,
				99F7E1EC1A3330D100C74F45 /* 47.run.zip in Resources */,
				99F7E1DB1A3330D100C74F45 /* 31.run.zip in Resources */,
				99F7E1EA1A3330D100C74F45 /* 45.run.zip in Resources */,
				999C33261A286F2900AF2F82 /* Images.xcassets in Resources */,
				99F7E1FB1A3330D100C74F45 /* 60.run.zip in Resources */,
				999C334B1A28A46600AF2F82 /* Main.storyboard in Resources */,
				99F7E1DD1A3330D100C74F45 /* 33.run.zip in Resources */,
				99F7E1FE1A3330D100C74F45 /* 63.run.zip in Resources */,
				99F7E1C41A3330D100C74F45 /* 10.run.zip in Resources */,
				99F7E20A1A3330D100C74F45 /* test_login_ui.js in Resources */,
				99F7E1F41A3330D100C74F45 /* 54.run.zip in Resources */,
			);
			runOnlyForDeploymentPostprocessing = 0;
		};
		999C332C1A286F2900AF2F82 /* Resources */ = {
			isa = PBXResourcesBuildPhase;
			buildActionMask = 2147483647;
			files = (
				99B13DC51A3075DC00C2FFCC /* Main.storyboard in Resources */,
			);
			runOnlyForDeploymentPostprocessing = 0;
		};
/* End PBXResourcesBuildPhase section */

/* Begin PBXSourcesBuildPhase section */
		999C33151A286F2900AF2F82 /* Sources */ = {
			isa = PBXSourcesBuildPhase;
			buildActionMask = 2147483647;
			files = (
				996B65401A29ED9500A556DC /* UserAddViewController.swift in Sources */,
				99B3DD951A2BC2400011153D /* InternalUserDetailsController.swift in Sources */,
				999C33491A28923800AF2F82 /* UserDetailsViewController.swift in Sources */,
				999C33411A286F9A00AF2F82 /* SearchResultsViewController.swift in Sources */,
				99B3DD981A2CB0030011153D /* InternalUserEditViewController.swift in Sources */,
				99A0D14A1A2B2A7F0074EABD /* InternalViewController.swift in Sources */,
				999C331F1A286F2900AF2F82 /* AppDelegate.swift in Sources */,
				999C33471A2871C200AF2F82 /* User.swift in Sources */,
				999C336A1A29394F00AF2F82 /* TestViewController.swift in Sources */,
				999C33681A28CB3D00AF2F82 /* APIController.swift in Sources */,
				99B3DD9C1A2D25970011153D /* LoginViewController.swift in Sources */,
			);
			runOnlyForDeploymentPostprocessing = 0;
		};
		999C332A1A286F2900AF2F82 /* Sources */ = {
			isa = PBXSourcesBuildPhase;
			buildActionMask = 2147483647;
			files = (
				99B13DBD1A3075BC00C2FFCC /* APIController.swift in Sources */,
				99B13DBC1A3075B900C2FFCC /* AppDelegate.swift in Sources */,
				99B13DC41A3075D400C2FFCC /* TestViewController.swift in Sources */,
				99B13DBF1A3075C600C2FFCC /* User.swift in Sources */,
				99B13DC61A3075DE00C2FFCC /* UserAddViewController.swift in Sources */,
				99B13DC11A3075CA00C2FFCC /* InternalUserDetailsController.swift in Sources */,
				99B13DC81A30780A00C2FFCC /* TestAPIController.swift in Sources */,
				99B13DBB1A30752300C2FFCC /* UserDetailsViewController.swift in Sources */,
				99B13DC21A3075CC00C2FFCC /* InternalUserEditViewController.swift in Sources */,
				99B13DBE1A3075C400C2FFCC /* SearchResultsViewController.swift in Sources */,
				99B13DC31A3075CE00C2FFCC /* LoginViewController.swift in Sources */,
				99B13DC01A3075C800C2FFCC /* InternalViewController.swift in Sources */,
			);
			runOnlyForDeploymentPostprocessing = 0;
		};
/* End PBXSourcesBuildPhase section */

/* Begin PBXTargetDependency section */
		999C33301A286F2900AF2F82 /* PBXTargetDependency */ = {
			isa = PBXTargetDependency;
			target = 999C33181A286F2900AF2F82 /* CSAClient */;
			targetProxy = 999C332F1A286F2900AF2F82 /* PBXContainerItemProxy */;
		};
		999C33651A28BB0A00AF2F82 /* PBXTargetDependency */ = {
			isa = PBXTargetDependency;
			name = Alamofire;
			targetProxy = 999C33641A28BB0A00AF2F82 /* PBXContainerItemProxy */;
		};
/* End PBXTargetDependency section */

/* Begin PBXVariantGroup section */
		999C33271A286F2900AF2F82 /* LaunchScreen.xib */ = {
			isa = PBXVariantGroup;
			children = (
				999C33281A286F2900AF2F82 /* Base */,
			);
			name = LaunchScreen.xib;
			sourceTree = "<group>";
		};
/* End PBXVariantGroup section */

/* Begin XCBuildConfiguration section */
		999C33361A286F2900AF2F82 /* Debug */ = {
			isa = XCBuildConfiguration;
			buildSettings = {
				ALWAYS_SEARCH_USER_PATHS = NO;
				CLANG_CXX_LANGUAGE_STANDARD = "gnu++0x";
				CLANG_CXX_LIBRARY = "libc++";
				CLANG_ENABLE_MODULES = YES;
				CLANG_ENABLE_OBJC_ARC = YES;
				CLANG_WARN_BOOL_CONVERSION = YES;
				CLANG_WARN_CONSTANT_CONVERSION = YES;
				CLANG_WARN_DIRECT_OBJC_ISA_USAGE = YES_ERROR;
				CLANG_WARN_EMPTY_BODY = YES;
				CLANG_WARN_ENUM_CONVERSION = YES;
				CLANG_WARN_INT_CONVERSION = YES;
				CLANG_WARN_OBJC_ROOT_CLASS = YES_ERROR;
				CLANG_WARN_UNREACHABLE_CODE = YES;
				CLANG_WARN__DUPLICATE_METHOD_MATCH = YES;
				"CODE_SIGN_IDENTITY[sdk=iphoneos*]" = "iPhone Developer";
				COPY_PHASE_STRIP = NO;
				ENABLE_STRICT_OBJC_MSGSEND = YES;
				GCC_C_LANGUAGE_STANDARD = gnu99;
				GCC_DYNAMIC_NO_PIC = NO;
				GCC_OPTIMIZATION_LEVEL = 0;
				GCC_PREPROCESSOR_DEFINITIONS = (
					"DEBUG=1",
					"$(inherited)",
				);
				GCC_SYMBOLS_PRIVATE_EXTERN = NO;
				GCC_WARN_64_TO_32_BIT_CONVERSION = YES;
				GCC_WARN_ABOUT_RETURN_TYPE = YES_ERROR;
				GCC_WARN_UNDECLARED_SELECTOR = YES;
				GCC_WARN_UNINITIALIZED_AUTOS = YES_AGGRESSIVE;
				GCC_WARN_UNUSED_FUNCTION = YES;
				GCC_WARN_UNUSED_VARIABLE = YES;
				IPHONEOS_DEPLOYMENT_TARGET = 8.1;
				MTL_ENABLE_DEBUG_INFO = YES;
				ONLY_ACTIVE_ARCH = YES;
				SDKROOT = iphoneos;
				SWIFT_OPTIMIZATION_LEVEL = "-Onone";
			};
			name = Debug;
		};
		999C33371A286F2900AF2F82 /* Release */ = {
			isa = XCBuildConfiguration;
			buildSettings = {
				ALWAYS_SEARCH_USER_PATHS = NO;
				CLANG_CXX_LANGUAGE_STANDARD = "gnu++0x";
				CLANG_CXX_LIBRARY = "libc++";
				CLANG_ENABLE_MODULES = YES;
				CLANG_ENABLE_OBJC_ARC = YES;
				CLANG_WARN_BOOL_CONVERSION = YES;
				CLANG_WARN_CONSTANT_CONVERSION = YES;
				CLANG_WARN_DIRECT_OBJC_ISA_USAGE = YES_ERROR;
				CLANG_WARN_EMPTY_BODY = YES;
				CLANG_WARN_ENUM_CONVERSION = YES;
				CLANG_WARN_INT_CONVERSION = YES;
				CLANG_WARN_OBJC_ROOT_CLASS = YES_ERROR;
				CLANG_WARN_UNREACHABLE_CODE = YES;
				CLANG_WARN__DUPLICATE_METHOD_MATCH = YES;
				"CODE_SIGN_IDENTITY[sdk=iphoneos*]" = "iPhone Developer";
				COPY_PHASE_STRIP = YES;
				ENABLE_NS_ASSERTIONS = NO;
				ENABLE_STRICT_OBJC_MSGSEND = YES;
				GCC_C_LANGUAGE_STANDARD = gnu99;
				GCC_WARN_64_TO_32_BIT_CONVERSION = YES;
				GCC_WARN_ABOUT_RETURN_TYPE = YES_ERROR;
				GCC_WARN_UNDECLARED_SELECTOR = YES;
				GCC_WARN_UNINITIALIZED_AUTOS = YES_AGGRESSIVE;
				GCC_WARN_UNUSED_FUNCTION = YES;
				GCC_WARN_UNUSED_VARIABLE = YES;
				IPHONEOS_DEPLOYMENT_TARGET = 8.1;
				MTL_ENABLE_DEBUG_INFO = NO;
				SDKROOT = iphoneos;
				VALIDATE_PRODUCT = YES;
			};
			name = Release;
		};
		999C33391A286F2900AF2F82 /* Debug */ = {
			isa = XCBuildConfiguration;
			buildSettings = {
				ASSETCATALOG_COMPILER_APPICON_NAME = AppIcon;
				EMBEDDED_CONTENT_CONTAINS_SWIFT = YES;
				INFOPLIST_FILE = CSAClient/Info.plist;
				LD_RUNPATH_SEARCH_PATHS = "$(inherited) @executable_path/Frameworks";
				PRODUCT_NAME = "Aber CSA";
				TARGETED_DEVICE_FAMILY = 1;
			};
			name = Debug;
		};
		999C333A1A286F2900AF2F82 /* Release */ = {
			isa = XCBuildConfiguration;
			buildSettings = {
				ASSETCATALOG_COMPILER_APPICON_NAME = AppIcon;
				EMBEDDED_CONTENT_CONTAINS_SWIFT = YES;
				INFOPLIST_FILE = CSAClient/Info.plist;
				LD_RUNPATH_SEARCH_PATHS = "$(inherited) @executable_path/Frameworks";
				PRODUCT_NAME = "Aber CSA";
				TARGETED_DEVICE_FAMILY = 1;
			};
			name = Release;
		};
		999C333C1A286F2900AF2F82 /* Debug */ = {
			isa = XCBuildConfiguration;
			buildSettings = {
				BUNDLE_LOADER = "$(TEST_HOST)";
				FRAMEWORK_SEARCH_PATHS = (
					"$(SDKROOT)/Developer/Library/Frameworks",
					"$(inherited)",
				);
				GCC_PREPROCESSOR_DEFINITIONS = (
					"DEBUG=1",
					"$(inherited)",
				);
				INFOPLIST_FILE = CSAClientTests/Info.plist;
				LD_RUNPATH_SEARCH_PATHS = "$(inherited) @executable_path/Frameworks @loader_path/Frameworks";
				PRODUCT_NAME = "$(TARGET_NAME)";
				TEST_HOST = "$(BUILT_PRODUCTS_DIR)/CSAClient.app/CSAClient";
			};
			name = Debug;
		};
		999C333D1A286F2900AF2F82 /* Release */ = {
			isa = XCBuildConfiguration;
			buildSettings = {
				BUNDLE_LOADER = "$(TEST_HOST)";
				FRAMEWORK_SEARCH_PATHS = (
					"$(SDKROOT)/Developer/Library/Frameworks",
					"$(inherited)",
				);
				INFOPLIST_FILE = CSAClientTests/Info.plist;
				LD_RUNPATH_SEARCH_PATHS = "$(inherited) @executable_path/Frameworks @loader_path/Frameworks";
				PRODUCT_NAME = "$(TARGET_NAME)";
				TEST_HOST = "$(BUILT_PRODUCTS_DIR)/CSAClient.app/CSAClient";
			};
			name = Release;
		};
/* End XCBuildConfiguration section */

/* Begin XCConfigurationList section */
		999C33141A286F2900AF2F82 /* Build configuration list for PBXProject "CSAClient" */ = {
			isa = XCConfigurationList;
			buildConfigurations = (
				999C33361A286F2900AF2F82 /* Debug */,
				999C33371A286F2900AF2F82 /* Release */,
			);
			defaultConfigurationIsVisible = 0;
			defaultConfigurationName = Release;
		};
		999C33381A286F2900AF2F82 /* Build configuration list for PBXNativeTarget "CSAClient" */ = {
			isa = XCConfigurationList;
			buildConfigurations = (
				999C33391A286F2900AF2F82 /* Debug */,
				999C333A1A286F2900AF2F82 /* Release */,
			);
			defaultConfigurationIsVisible = 0;
			defaultConfigurationName = Release;
		};
		999C333B1A286F2900AF2F82 /* Build configuration list for PBXNativeTarget "CSAClientTests" */ = {
			isa = XCConfigurationList;
			buildConfigurations = (
				999C333C1A286F2900AF2F82 /* Debug */,
				999C333D1A286F2900AF2F82 /* Release */,
			);
			defaultConfigurationIsVisible = 0;
			defaultConfigurationName = Release;
		};
/* End XCConfigurationList section */
	};
	rootObject = 999C33111A286F2900AF2F82 /* Project object */;
}
